
Microsoft Visual Studio Solution File, Format Version 12.00
# Visual Studio 14
VisualStudioVersion = 14.0.25420.1
MinimumVisualStudioVersion = 10.0.40219.1
Project("{FAE04EC0-301F-11D3-BF4B-00C04F79EFBC}") = "App1.Droid", "App1\App1.Droid\App1.Droid.csproj", "{6566FD35-F001-425B-9F6F-008C4718A301}"
EndProject
Project("{FAE04EC0-301F-11D3-BF4B-00C04F79EFBC}") = "App1.iOS", "App1\App1.iOS\App1.iOS.csproj", "{5E4F0AF0-6B6E-444F-AAC7-7499315DBBA0}"
EndProject
Project("{FAE04EC0-301F-11D3-BF4B-00C04F79EFBC}") = "App1", "App1\App1\App1.csproj", "{AD9893E7-0F6B-4A72-8B7B-DD19C3796E80}"
EndProject
Project("{FAE04EC0-301F-11D3-BF4B-00C04F79EFBC}") = "App2.Droid", "App2\App2.Droid\App2.Droid.csproj", "{45882FA2-6E2C-425E-A465-0FB2366F4441}"
EndProject
Project("{FAE04EC0-301F-11D3-BF4B-00C04F79EFBC}") = "App2.iOS", "App2\App2.iOS\App2.iOS.csproj", "{1020E4B6-2AEE-4A05-8A8A-7FF66D3F4F84}"
EndProject
Project("{FAE04EC0-301F-11D3-BF4B-00C04F79EFBC}") = "App2.UWP", "App2\App2.UWP\App2.UWP.csproj", "{C1CE1A68-A54A-493E-B208-E7397F51C8FE}"
EndProject
Project("{FAE04EC0-301F-11D3-BF4B-00C04F79EFBC}") = "App2", "App2\App2\App2.csproj", "{140BC4FB-B15C-4492-8476-B87FC258C135}"
EndProject
Global
	GlobalSection(SolutionConfigurationPlatforms) = preSolution
		Ad-Hoc|Any CPU = Ad-Hoc|Any CPU
		Ad-Hoc|ARM = Ad-Hoc|ARM
		Ad-Hoc|iPhone = Ad-Hoc|iPhone
		Ad-Hoc|iPhoneSimulator = Ad-Hoc|iPhoneSimulator
		Ad-Hoc|x64 = Ad-Hoc|x64
		Ad-Hoc|x86 = Ad-Hoc|x86
		AppStore|Any CPU = AppStore|Any CPU
		AppStore|ARM = AppStore|ARM
		AppStore|iPhone = AppStore|iPhone
		AppStore|iPhoneSimulator = AppStore|iPhoneSimulator
		AppStore|x64 = AppStore|x64
		AppStore|x86 = AppStore|x86
		Debug|Any CPU = Debug|Any CPU
		Debug|ARM = Debug|ARM
		Debug|iPhone = Debug|iPhone
		Debug|iPhoneSimulator = Debug|iPhoneSimulator
		Debug|x64 = Debug|x64
		Debug|x86 = Debug|x86
		Release|Any CPU = Release|Any CPU
		Release|ARM = Release|ARM
		Release|iPhone = Release|iPhone
		Release|iPhoneSimulator = Release|iPhoneSimulator
		Release|x64 = Release|x64
		Release|x86 = Release|x86
	EndGlobalSection
	GlobalSection(ProjectConfigurationPlatforms) = postSolution
		{6566FD35-F001-425B-9F6F-008C4718A301}.Ad-Hoc|Any CPU.ActiveCfg = Release|Any CPU
		{6566FD35-F001-425B-9F6F-008C4718A301}.Ad-Hoc|Any CPU.Build.0 = Release|Any CPU
		{6566FD35-F001-425B-9F6F-008C4718A301}.Ad-Hoc|Any CPU.Deploy.0 = Release|Any CPU
		{6566FD35-F001-425B-9F6F-008C4718A301}.Ad-Hoc|ARM.ActiveCfg = Release|Any CPU
		{6566FD35-F001-425B-9F6F-008C4718A301}.Ad-Hoc|ARM.Build.0 = Release|Any CPU
		{6566FD35-F001-425B-9F6F-008C4718A301}.Ad-Hoc|ARM.Deploy.0 = Release|Any CPU
		{6566FD35-F001-425B-9F6F-008C4718A301}.Ad-Hoc|iPhone.ActiveCfg = Release|Any CPU
		{6566FD35-F001-425B-9F6F-008C4718A301}.Ad-Hoc|iPhone.Build.0 = Release|Any CPU
		{6566FD35-F001-425B-9F6F-008C4718A301}.Ad-Hoc|iPhone.Deploy.0 = Release|Any CPU
		{6566FD35-F001-425B-9F6F-008C4718A301}.Ad-Hoc|iPhoneSimulator.ActiveCfg = Release|Any CPU
		{6566FD35-F001-425B-9F6F-008C4718A301}.Ad-Hoc|iPhoneSimulator.Build.0 = Release|Any CPU
		{6566FD35-F001-425B-9F6F-008C4718A301}.Ad-Hoc|iPhoneSimulator.Deploy.0 = Release|Any CPU
		{6566FD35-F001-425B-9F6F-008C4718A301}.Ad-Hoc|x64.ActiveCfg = Release|Any CPU
		{6566FD35-F001-425B-9F6F-008C4718A301}.Ad-Hoc|x64.Build.0 = Release|Any CPU
		{6566FD35-F001-425B-9F6F-008C4718A301}.Ad-Hoc|x64.Deploy.0 = Release|Any CPU
		{6566FD35-F001-425B-9F6F-008C4718A301}.Ad-Hoc|x86.ActiveCfg = Release|Any CPU
		{6566FD35-F001-425B-9F6F-008C4718A301}.Ad-Hoc|x86.Build.0 = Release|Any CPU
		{6566FD35-F001-425B-9F6F-008C4718A301}.Ad-Hoc|x86.Deploy.0 = Release|Any CPU
		{6566FD35-F001-425B-9F6F-008C4718A301}.AppStore|Any CPU.ActiveCfg = Release|Any CPU
		{6566FD35-F001-425B-9F6F-008C4718A301}.AppStore|Any CPU.Build.0 = Release|Any CPU
		{6566FD35-F001-425B-9F6F-008C4718A301}.AppStore|Any CPU.Deploy.0 = Release|Any CPU
		{6566FD35-F001-425B-9F6F-008C4718A301}.AppStore|ARM.ActiveCfg = Release|Any CPU
		{6566FD35-F001-425B-9F6F-008C4718A301}.AppStore|ARM.Build.0 = Release|Any CPU
		{6566FD35-F001-425B-9F6F-008C4718A301}.AppStore|ARM.Deploy.0 = Release|Any CPU
		{6566FD35-F001-425B-9F6F-008C4718A301}.AppStore|iPhone.ActiveCfg = Release|Any CPU
		{6566FD35-F001-425B-9F6F-008C4718A301}.AppStore|iPhone.Build.0 = Release|Any CPU
		{6566FD35-F001-425B-9F6F-008C4718A301}.AppStore|iPhone.Deploy.0 = Release|Any CPU
		{6566FD35-F001-425B-9F6F-008C4718A301}.AppStore|iPhoneSimulator.ActiveCfg = Release|Any CPU
		{6566FD35-F001-425B-9F6F-008C4718A301}.AppStore|iPhoneSimulator.Build.0 = Release|Any CPU
		{6566FD35-F001-425B-9F6F-008C4718A301}.AppStore|iPhoneSimulator.Deploy.0 = Release|Any CPU
		{6566FD35-F001-425B-9F6F-008C4718A301}.AppStore|x64.ActiveCfg = Release|Any CPU
		{6566FD35-F001-425B-9F6F-008C4718A301}.AppStore|x64.Build.0 = Release|Any CPU
		{6566FD35-F001-425B-9F6F-008C4718A301}.AppStore|x64.Deploy.0 = Release|Any CPU
		{6566FD35-F001-425B-9F6F-008C4718A301}.AppStore|x86.ActiveCfg = Release|Any CPU
		{6566FD35-F001-425B-9F6F-008C4718A301}.AppStore|x86.Build.0 = Release|Any CPU
		{6566FD35-F001-425B-9F6F-008C4718A301}.AppStore|x86.Deploy.0 = Release|Any CPU
		{6566FD35-F001-425B-9F6F-008C4718A301}.Debug|Any CPU.ActiveCfg = Debug|Any CPU
		{6566FD35-F001-425B-9F6F-008C4718A301}.Debug|Any CPU.Build.0 = Debug|Any CPU
		{6566FD35-F001-425B-9F6F-008C4718A301}.Debug|Any CPU.Deploy.0 = Debug|Any CPU
		{6566FD35-F001-425B-9F6F-008C4718A301}.Debug|ARM.ActiveCfg = Debug|Any CPU
		{6566FD35-F001-425B-9F6F-008C4718A301}.Debug|ARM.Build.0 = Debug|Any CPU
		{6566FD35-F001-425B-9F6F-008C4718A301}.Debug|ARM.Deploy.0 = Debug|Any CPU
		{6566FD35-F001-425B-9F6F-008C4718A301}.Debug|iPhone.ActiveCfg = Debug|Any CPU
		{6566FD35-F001-425B-9F6F-008C4718A301}.Debug|iPhone.Build.0 = Debug|Any CPU
		{6566FD35-F001-425B-9F6F-008C4718A301}.Debug|iPhone.Deploy.0 = Debug|Any CPU
		{6566FD35-F001-425B-9F6F-008C4718A301}.Debug|iPhoneSimulator.ActiveCfg = Debug|Any CPU
		{6566FD35-F001-425B-9F6F-008C4718A301}.Debug|iPhoneSimulator.Build.0 = Debug|Any CPU
		{6566FD35-F001-425B-9F6F-008C4718A301}.Debug|iPhoneSimulator.Deploy.0 = Debug|Any CPU
		{6566FD35-F001-425B-9F6F-008C4718A301}.Debug|x64.ActiveCfg = Debug|Any CPU
		{6566FD35-F001-425B-9F6F-008C4718A301}.Debug|x64.Build.0 = Debug|Any CPU
		{6566FD35-F001-425B-9F6F-008C4718A301}.Debug|x64.Deploy.0 = Debug|Any CPU
		{6566FD35-F001-425B-9F6F-008C4718A301}.Debug|x86.ActiveCfg = Debug|Any CPU
		{6566FD35-F001-425B-9F6F-008C4718A301}.Debug|x86.Build.0 = Debug|Any CPU
		{6566FD35-F001-425B-9F6F-008C4718A301}.Debug|x86.Deploy.0 = Debug|Any CPU
		{6566FD35-F001-425B-9F6F-008C4718A301}.Release|Any CPU.ActiveCfg = Release|Any CPU
		{6566FD35-F001-425B-9F6F-008C4718A301}.Release|Any CPU.Build.0 = Release|Any CPU
		{6566FD35-F001-425B-9F6F-008C4718A301}.Release|Any CPU.Deploy.0 = Release|Any CPU
		{6566FD35-F001-425B-9F6F-008C4718A301}.Release|ARM.ActiveCfg = Release|Any CPU
		{6566FD35-F001-425B-9F6F-008C4718A301}.Release|ARM.Build.0 = Release|Any CPU
		{6566FD35-F001-425B-9F6F-008C4718A301}.Release|ARM.Deploy.0 = Release|Any CPU
		{6566FD35-F001-425B-9F6F-008C4718A301}.Release|iPhone.ActiveCfg = Release|Any CPU
		{6566FD35-F001-425B-9F6F-008C4718A301}.Release|iPhone.Build.0 = Release|Any CPU
		{6566FD35-F001-425B-9F6F-008C4718A301}.Release|iPhone.Deploy.0 = Release|Any CPU
		{6566FD35-F001-425B-9F6F-008C4718A301}.Release|iPhoneSimulator.ActiveCfg = Release|Any CPU
		{6566FD35-F001-425B-9F6F-008C4718A301}.Release|iPhoneSimulator.Build.0 = Release|Any CPU
		{6566FD35-F001-425B-9F6F-008C4718A301}.Release|iPhoneSimulator.Deploy.0 = Release|Any CPU
		{6566FD35-F001-425B-9F6F-008C4718A301}.Release|x64.ActiveCfg = Release|Any CPU
		{6566FD35-F001-425B-9F6F-008C4718A301}.Release|x64.Build.0 = Release|Any CPU
		{6566FD35-F001-425B-9F6F-008C4718A301}.Release|x64.Deploy.0 = Release|Any CPU
		{6566FD35-F001-425B-9F6F-008C4718A301}.Release|x86.ActiveCfg = Release|Any CPU
		{6566FD35-F001-425B-9F6F-008C4718A301}.Release|x86.Build.0 = Release|Any CPU
		{6566FD35-F001-425B-9F6F-008C4718A301}.Release|x86.Deploy.0 = Release|Any CPU
		{5E4F0AF0-6B6E-444F-AAC7-7499315DBBA0}.Ad-Hoc|Any CPU.ActiveCfg = Ad-Hoc|iPhone
		{5E4F0AF0-6B6E-444F-AAC7-7499315DBBA0}.Ad-Hoc|ARM.ActiveCfg = Ad-Hoc|iPhone
		{5E4F0AF0-6B6E-444F-AAC7-7499315DBBA0}.Ad-Hoc|iPhone.ActiveCfg = Ad-Hoc|iPhone
		{5E4F0AF0-6B6E-444F-AAC7-7499315DBBA0}.Ad-Hoc|iPhone.Build.0 = Ad-Hoc|iPhone
		{5E4F0AF0-6B6E-444F-AAC7-7499315DBBA0}.Ad-Hoc|iPhoneSimulator.ActiveCfg = Ad-Hoc|iPhoneSimulator
		{5E4F0AF0-6B6E-444F-AAC7-7499315DBBA0}.Ad-Hoc|iPhoneSimulator.Build.0 = Ad-Hoc|iPhoneSimulator
		{5E4F0AF0-6B6E-444F-AAC7-7499315DBBA0}.Ad-Hoc|x64.ActiveCfg = Ad-Hoc|iPhone
		{5E4F0AF0-6B6E-444F-AAC7-7499315DBBA0}.Ad-Hoc|x86.ActiveCfg = Ad-Hoc|iPhone
		{5E4F0AF0-6B6E-444F-AAC7-7499315DBBA0}.AppStore|Any CPU.ActiveCfg = AppStore|iPhone
		{5E4F0AF0-6B6E-444F-AAC7-7499315DBBA0}.AppStore|ARM.ActiveCfg = AppStore|iPhone
		{5E4F0AF0-6B6E-444F-AAC7-7499315DBBA0}.AppStore|iPhone.ActiveCfg = AppStore|iPhone
		{5E4F0AF0-6B6E-444F-AAC7-7499315DBBA0}.AppStore|iPhone.Build.0 = AppStore|iPhone
		{5E4F0AF0-6B6E-444F-AAC7-7499315DBBA0}.AppStore|iPhoneSimulator.ActiveCfg = AppStore|iPhoneSimulator
		{5E4F0AF0-6B6E-444F-AAC7-7499315DBBA0}.AppStore|iPhoneSimulator.Build.0 = AppStore|iPhoneSimulator
		{5E4F0AF0-6B6E-444F-AAC7-7499315DBBA0}.AppStore|x64.ActiveCfg = AppStore|iPhone
		{5E4F0AF0-6B6E-444F-AAC7-7499315DBBA0}.AppStore|x86.ActiveCfg = AppStore|iPhone
		{5E4F0AF0-6B6E-444F-AAC7-7499315DBBA0}.Debug|Any CPU.ActiveCfg = Debug|iPhone
		{5E4F0AF0-6B6E-444F-AAC7-7499315DBBA0}.Debug|ARM.ActiveCfg = Debug|iPhone
		{5E4F0AF0-6B6E-444F-AAC7-7499315DBBA0}.Debug|iPhone.ActiveCfg = Debug|iPhone
		{5E4F0AF0-6B6E-444F-AAC7-7499315DBBA0}.Debug|iPhone.Build.0 = Debug|iPhone
		{5E4F0AF0-6B6E-444F-AAC7-7499315DBBA0}.Debug|iPhoneSimulator.ActiveCfg = Debug|iPhoneSimulator
		{5E4F0AF0-6B6E-444F-AAC7-7499315DBBA0}.Debug|iPhoneSimulator.Build.0 = Debug|iPhoneSimulator
		{5E4F0AF0-6B6E-444F-AAC7-7499315DBBA0}.Debug|x64.ActiveCfg = Debug|iPhone
		{5E4F0AF0-6B6E-444F-AAC7-7499315DBBA0}.Debug|x86.ActiveCfg = Debug|iPhone
		{5E4F0AF0-6B6E-444F-AAC7-7499315DBBA0}.Release|Any CPU.ActiveCfg = Release|iPhone
		{5E4F0AF0-6B6E-444F-AAC7-7499315DBBA0}.Release|ARM.ActiveCfg = Release|iPhone
		{5E4F0AF0-6B6E-444F-AAC7-7499315DBBA0}.Release|iPhone.ActiveCfg = Release|iPhone
		{5E4F0AF0-6B6E-444F-AAC7-7499315DBBA0}.Release|iPhone.Build.0 = Release|iPhone
		{5E4F0AF0-6B6E-444F-AAC7-7499315DBBA0}.Release|iPhoneSimulator.ActiveCfg = Release|iPhoneSimulator
		{5E4F0AF0-6B6E-444F-AAC7-7499315DBBA0}.Release|iPhoneSimulator.Build.0 = Release|iPhoneSimulator
		{5E4F0AF0-6B6E-444F-AAC7-7499315DBBA0}.Release|x64.ActiveCfg = Release|iPhone
		{5E4F0AF0-6B6E-444F-AAC7-7499315DBBA0}.Release|x86.ActiveCfg = Release|iPhone
		{AD9893E7-0F6B-4A72-8B7B-DD19C3796E80}.Ad-Hoc|Any CPU.ActiveCfg = Release|Any CPU
		{AD9893E7-0F6B-4A72-8B7B-DD19C3796E80}.Ad-Hoc|Any CPU.Build.0 = Release|Any CPU
		{AD9893E7-0F6B-4A72-8B7B-DD19C3796E80}.Ad-Hoc|ARM.ActiveCfg = Release|Any CPU
		{AD9893E7-0F6B-4A72-8B7B-DD19C3796E80}.Ad-Hoc|ARM.Build.0 = Release|Any CPU
		{AD9893E7-0F6B-4A72-8B7B-DD19C3796E80}.Ad-Hoc|iPhone.ActiveCfg = Release|Any CPU
		{AD9893E7-0F6B-4A72-8B7B-DD19C3796E80}.Ad-Hoc|iPhone.Build.0 = Release|Any CPU
		{AD9893E7-0F6B-4A72-8B7B-DD19C3796E80}.Ad-Hoc|iPhoneSimulator.ActiveCfg = Release|Any CPU
		{AD9893E7-0F6B-4A72-8B7B-DD19C3796E80}.Ad-Hoc|iPhoneSimulator.Build.0 = Release|Any CPU
		{AD9893E7-0F6B-4A72-8B7B-DD19C3796E80}.Ad-Hoc|x64.ActiveCfg = Release|Any CPU
		{AD9893E7-0F6B-4A72-8B7B-DD19C3796E80}.Ad-Hoc|x64.Build.0 = Release|Any CPU
		{AD9893E7-0F6B-4A72-8B7B-DD19C3796E80}.Ad-Hoc|x86.ActiveCfg = Release|Any CPU
		{AD9893E7-0F6B-4A72-8B7B-DD19C3796E80}.Ad-Hoc|x86.Build.0 = Release|Any CPU
		{AD9893E7-0F6B-4A72-8B7B-DD19C3796E80}.AppStore|Any CPU.ActiveCfg = Release|Any CPU
		{AD9893E7-0F6B-4A72-8B7B-DD19C3796E80}.AppStore|Any CPU.Build.0 = Release|Any CPU
		{AD9893E7-0F6B-4A72-8B7B-DD19C3796E80}.AppStore|ARM.ActiveCfg = Release|Any CPU
		{AD9893E7-0F6B-4A72-8B7B-DD19C3796E80}.AppStore|ARM.Build.0 = Release|Any CPU
		{AD9893E7-0F6B-4A72-8B7B-DD19C3796E80}.AppStore|iPhone.ActiveCfg = Release|Any CPU
		{AD9893E7-0F6B-4A72-8B7B-DD19C3796E80}.AppStore|iPhone.Build.0 = Release|Any CPU
		{AD9893E7-0F6B-4A72-8B7B-DD19C3796E80}.AppStore|iPhoneSimulator.ActiveCfg = Release|Any CPU
		{AD9893E7-0F6B-4A72-8B7B-DD19C3796E80}.AppStore|iPhoneSimulator.Build.0 = Release|Any CPU
		{AD9893E7-0F6B-4A72-8B7B-DD19C3796E80}.AppStore|x64.ActiveCfg = Release|Any CPU
		{AD9893E7-0F6B-4A72-8B7B-DD19C3796E80}.AppStore|x64.Build.0 = Release|Any CPU
		{AD9893E7-0F6B-4A72-8B7B-DD19C3796E80}.AppStore|x86.ActiveCfg = Release|Any CPU
		{AD9893E7-0F6B-4A72-8B7B-DD19C3796E80}.AppStore|x86.Build.0 = Release|Any CPU
		{AD9893E7-0F6B-4A72-8B7B-DD19C3796E80}.Debug|Any CPU.ActiveCfg = Debug|Any CPU
		{AD9893E7-0F6B-4A72-8B7B-DD19C3796E80}.Debug|Any CPU.Build.0 = Debug|Any CPU
		{AD9893E7-0F6B-4A72-8B7B-DD19C3796E80}.Debug|Any CPU.Deploy.0 = Debug|Any CPU
		{AD9893E7-0F6B-4A72-8B7B-DD19C3796E80}.Debug|ARM.ActiveCfg = Debug|Any CPU
		{AD9893E7-0F6B-4A72-8B7B-DD19C3796E80}.Debug|ARM.Build.0 = Debug|Any CPU
		{AD9893E7-0F6B-4A72-8B7B-DD19C3796E80}.Debug|iPhone.ActiveCfg = Debug|Any CPU
		{AD9893E7-0F6B-4A72-8B7B-DD19C3796E80}.Debug|iPhone.Build.0 = Debug|Any CPU
		{AD9893E7-0F6B-4A72-8B7B-DD19C3796E80}.Debug|iPhoneSimulator.ActiveCfg = Debug|Any CPU
		{AD9893E7-0F6B-4A72-8B7B-DD19C3796E80}.Debug|iPhoneSimulator.Build.0 = Debug|Any CPU
		{AD9893E7-0F6B-4A72-8B7B-DD19C3796E80}.Debug|x64.ActiveCfg = Debug|Any CPU
		{AD9893E7-0F6B-4A72-8B7B-DD19C3796E80}.Debug|x64.Build.0 = Debug|Any CPU
		{AD9893E7-0F6B-4A72-8B7B-DD19C3796E80}.Debug|x86.ActiveCfg = Debug|Any CPU
		{AD9893E7-0F6B-4A72-8B7B-DD19C3796E80}.Debug|x86.Build.0 = Debug|Any CPU
		{AD9893E7-0F6B-4A72-8B7B-DD19C3796E80}.Release|Any CPU.ActiveCfg = Release|Any CPU
		{AD9893E7-0F6B-4A72-8B7B-DD19C3796E80}.Release|Any CPU.Build.0 = Release|Any CPU
		{AD9893E7-0F6B-4A72-8B7B-DD19C3796E80}.Release|ARM.ActiveCfg = Release|Any CPU
		{AD9893E7-0F6B-4A72-8B7B-DD19C3796E80}.Release|ARM.Build.0 = Release|Any CPU
		{AD9893E7-0F6B-4A72-8B7B-DD19C3796E80}.Release|iPhone.ActiveCfg = Release|Any CPU
		{AD9893E7-0F6B-4A72-8B7B-DD19C3796E80}.Release|iPhone.Build.0 = Release|Any CPU
		{AD9893E7-0F6B-4A72-8B7B-DD19C3796E80}.Release|iPhoneSimulator.ActiveCfg = Release|Any CPU
		{AD9893E7-0F6B-4A72-8B7B-DD19C3796E80}.Release|iPhoneSimulator.Build.0 = Release|Any CPU
		{AD9893E7-0F6B-4A72-8B7B-DD19C3796E80}.Release|x64.ActiveCfg = Release|Any CPU
		{AD9893E7-0F6B-4A72-8B7B-DD19C3796E80}.Release|x64.Build.0 = Release|Any CPU
		{AD9893E7-0F6B-4A72-8B7B-DD19C3796E80}.Release|x86.ActiveCfg = Release|Any CPU
		{AD9893E7-0F6B-4A72-8B7B-DD19C3796E80}.Release|x86.Build.0 = Release|Any CPU
		{45882FA2-6E2C-425E-A465-0FB2366F4441}.Ad-Hoc|Any CPU.ActiveCfg = Release|Any CPU
		{45882FA2-6E2C-425E-A465-0FB2366F4441}.Ad-Hoc|Any CPU.Build.0 = Release|Any CPU
		{45882FA2-6E2C-425E-A465-0FB2366F4441}.Ad-Hoc|Any CPU.Deploy.0 = Release|Any CPU
		{45882FA2-6E2C-425E-A465-0FB2366F4441}.Ad-Hoc|ARM.ActiveCfg = Release|Any CPU
		{45882FA2-6E2C-425E-A465-0FB2366F4441}.Ad-Hoc|ARM.Build.0 = Release|Any CPU
		{45882FA2-6E2C-425E-A465-0FB2366F4441}.Ad-Hoc|ARM.Deploy.0 = Release|Any CPU
		{45882FA2-6E2C-425E-A465-0FB2366F4441}.Ad-Hoc|iPhone.ActiveCfg = Release|Any CPU
		{45882FA2-6E2C-425E-A465-0FB2366F4441}.Ad-Hoc|iPhone.Build.0 = Release|Any CPU
		{45882FA2-6E2C-425E-A465-0FB2366F4441}.Ad-Hoc|iPhone.Deploy.0 = Release|Any CPU
		{45882FA2-6E2C-425E-A465-0FB2366F4441}.Ad-Hoc|iPhoneSimulator.ActiveCfg = Release|Any CPU
		{45882FA2-6E2C-425E-A465-0FB2366F4441}.Ad-Hoc|iPhoneSimulator.Build.0 = Release|Any CPU
		{45882FA2-6E2C-425E-A465-0FB2366F4441}.Ad-Hoc|iPhoneSimulator.Deploy.0 = Release|Any CPU
		{45882FA2-6E2C-425E-A465-0FB2366F4441}.Ad-Hoc|x64.ActiveCfg = Release|Any CPU
		{45882FA2-6E2C-425E-A465-0FB2366F4441}.Ad-Hoc|x64.Build.0 = Release|Any CPU
		{45882FA2-6E2C-425E-A465-0FB2366F4441}.Ad-Hoc|x64.Deploy.0 = Release|Any CPU
		{45882FA2-6E2C-425E-A465-0FB2366F4441}.Ad-Hoc|x86.ActiveCfg = Release|Any CPU
		{45882FA2-6E2C-425E-A465-0FB2366F4441}.Ad-Hoc|x86.Build.0 = Release|Any CPU
		{45882FA2-6E2C-425E-A465-0FB2366F4441}.Ad-Hoc|x86.Deploy.0 = Release|Any CPU
		{45882FA2-6E2C-425E-A465-0FB2366F4441}.AppStore|Any CPU.ActiveCfg = Release|Any CPU
		{45882FA2-6E2C-425E-A465-0FB2366F4441}.AppStore|Any CPU.Build.0 = Release|Any CPU
		{45882FA2-6E2C-425E-A465-0FB2366F4441}.AppStore|Any CPU.Deploy.0 = Release|Any CPU
		{45882FA2-6E2C-425E-A465-0FB2366F4441}.AppStore|ARM.ActiveCfg = Release|Any CPU
		{45882FA2-6E2C-425E-A465-0FB2366F4441}.AppStore|ARM.Build.0 = Release|Any CPU
		{45882FA2-6E2C-425E-A465-0FB2366F4441}.AppStore|ARM.Deploy.0 = Release|Any CPU
		{45882FA2-6E2C-425E-A465-0FB2366F4441}.AppStore|iPhone.ActiveCfg = Release|Any CPU
		{45882FA2-6E2C-425E-A465-0FB2366F4441}.AppStore|iPhone.Build.0 = Release|Any CPU
		{45882FA2-6E2C-425E-A465-0FB2366F4441}.AppStore|iPhone.Deploy.0 = Release|Any CPU
		{45882FA2-6E2C-425E-A465-0FB2366F4441}.AppStore|iPhoneSimulator.ActiveCfg = Release|Any CPU
		{45882FA2-6E2C-425E-A465-0FB2366F4441}.AppStore|iPhoneSimulator.Build.0 = Release|Any CPU
		{45882FA2-6E2C-425E-A465-0FB2366F4441}.AppStore|iPhoneSimulator.Deploy.0 = Release|Any CPU
		{45882FA2-6E2C-425E-A465-0FB2366F4441}.AppStore|x64.ActiveCfg = Release|Any CPU
		{45882FA2-6E2C-425E-A465-0FB2366F4441}.AppStore|x64.Build.0 = Release|Any CPU
		{45882FA2-6E2C-425E-A465-0FB2366F4441}.AppStore|x64.Deploy.0 = Release|Any CPU
		{45882FA2-6E2C-425E-A465-0FB2366F4441}.AppStore|x86.ActiveCfg = Release|Any CPU
		{45882FA2-6E2C-425E-A465-0FB2366F4441}.AppStore|x86.Build.0 = Release|Any CPU
		{45882FA2-6E2C-425E-A465-0FB2366F4441}.AppStore|x86.Deploy.0 = Release|Any CPU
		{45882FA2-6E2C-425E-A465-0FB2366F4441}.Debug|Any CPU.ActiveCfg = Debug|Any CPU
		{45882FA2-6E2C-425E-A465-0FB2366F4441}.Debug|Any CPU.Build.0 = Debug|Any CPU
		{45882FA2-6E2C-425E-A465-0FB2366F4441}.Debug|Any CPU.Deploy.0 = Debug|Any CPU
		{45882FA2-6E2C-425E-A465-0FB2366F4441}.Debug|ARM.ActiveCfg = Debug|Any CPU
		{45882FA2-6E2C-425E-A465-0FB2366F4441}.Debug|ARM.Build.0 = Debug|Any CPU
		{45882FA2-6E2C-425E-A465-0FB2366F4441}.Debug|ARM.Deploy.0 = Debug|Any CPU
		{45882FA2-6E2C-425E-A465-0FB2366F4441}.Debug|iPhone.ActiveCfg = Debug|Any CPU
		{45882FA2-6E2C-425E-A465-0FB2366F4441}.Debug|iPhone.Build.0 = Debug|Any CPU
		{45882FA2-6E2C-425E-A465-0FB2366F4441}.Debug|iPhone.Deploy.0 = Debug|Any CPU
		{45882FA2-6E2C-425E-A465-0FB2366F4441}.Debug|iPhoneSimulator.ActiveCfg = Debug|Any CPU
		{45882FA2-6E2C-425E-A465-0FB2366F4441}.Debug|iPhoneSimulator.Build.0 = Debug|Any CPU
		{45882FA2-6E2C-425E-A465-0FB2366F4441}.Debug|iPhoneSimulator.Deploy.0 = Debug|Any CPU
		{45882FA2-6E2C-425E-A465-0FB2366F4441}.Debug|x64.ActiveCfg = Debug|Any CPU
		{45882FA2-6E2C-425E-A465-0FB2366F4441}.Debug|x64.Build.0 = Debug|Any CPU
		{45882FA2-6E2C-425E-A465-0FB2366F4441}.Debug|x64.Deploy.0 = Debug|Any CPU
		{45882FA2-6E2C-425E-A465-0FB2366F4441}.Debug|x86.ActiveCfg = Debug|Any CPU
		{45882FA2-6E2C-425E-A465-0FB2366F4441}.Debug|x86.Build.0 = Debug|Any CPU
		{45882FA2-6E2C-425E-A465-0FB2366F4441}.Debug|x86.Deploy.0 = Debug|Any CPU
		{45882FA2-6E2C-425E-A465-0FB2366F4441}.Release|Any CPU.ActiveCfg = Release|Any CPU
		{45882FA2-6E2C-425E-A465-0FB2366F4441}.Release|Any CPU.Build.0 = Release|Any CPU
		{45882FA2-6E2C-425E-A465-0FB2366F4441}.Release|Any CPU.Deploy.0 = Release|Any CPU
		{45882FA2-6E2C-425E-A465-0FB2366F4441}.Release|ARM.ActiveCfg = Release|Any CPU
		{45882FA2-6E2C-425E-A465-0FB2366F4441}.Release|ARM.Build.0 = Release|Any CPU
		{45882FA2-6E2C-425E-A465-0FB2366F4441}.Release|ARM.Deploy.0 = Release|Any CPU
		{45882FA2-6E2C-425E-A465-0FB2366F4441}.Release|iPhone.ActiveCfg = Release|Any CPU
		{45882FA2-6E2C-425E-A465-0FB2366F4441}.Release|iPhone.Build.0 = Release|Any CPU
		{45882FA2-6E2C-425E-A465-0FB2366F4441}.Release|iPhone.Deploy.0 = Release|Any CPU
		{45882FA2-6E2C-425E-A465-0FB2366F4441}.Release|iPhoneSimulator.ActiveCfg = Release|Any CPU
		{45882FA2-6E2C-425E-A465-0FB2366F4441}.Release|iPhoneSimulator.Build.0 = Release|Any CPU
		{45882FA2-6E2C-425E-A465-0FB2366F4441}.Release|iPhoneSimulator.Deploy.0 = Release|Any CPU
		{45882FA2-6E2C-425E-A465-0FB2366F4441}.Release|x64.ActiveCfg = Release|Any CPU
		{45882FA2-6E2C-425E-A465-0FB2366F4441}.Release|x64.Build.0 = Release|Any CPU
		{45882FA2-6E2C-425E-A465-0FB2366F4441}.Release|x64.Deploy.0 = Release|Any CPU
		{45882FA2-6E2C-425E-A465-0FB2366F4441}.Release|x86.ActiveCfg = Release|Any CPU
		{45882FA2-6E2C-425E-A465-0FB2366F4441}.Release|x86.Build.0 = Release|Any CPU
		{45882FA2-6E2C-425E-A465-0FB2366F4441}.Release|x86.Deploy.0 = Release|Any CPU
		{1020E4B6-2AEE-4A05-8A8A-7FF66D3F4F84}.Ad-Hoc|Any CPU.ActiveCfg = Ad-Hoc|iPhone
		{1020E4B6-2AEE-4A05-8A8A-7FF66D3F4F84}.Ad-Hoc|ARM.ActiveCfg = Ad-Hoc|iPhone
		{1020E4B6-2AEE-4A05-8A8A-7FF66D3F4F84}.Ad-Hoc|iPhone.ActiveCfg = Ad-Hoc|iPhone
		{1020E4B6-2AEE-4A05-8A8A-7FF66D3F4F84}.Ad-Hoc|iPhone.Build.0 = Ad-Hoc|iPhone
		{1020E4B6-2AEE-4A05-8A8A-7FF66D3F4F84}.Ad-Hoc|iPhoneSimulator.ActiveCfg = Ad-Hoc|iPhoneSimulator
		{1020E4B6-2AEE-4A05-8A8A-7FF66D3F4F84}.Ad-Hoc|iPhoneSimulator.Build.0 = Ad-Hoc|iPhoneSimulator
		{1020E4B6-2AEE-4A05-8A8A-7FF66D3F4F84}.Ad-Hoc|x64.ActiveCfg = Ad-Hoc|iPhone
		{1020E4B6-2AEE-4A05-8A8A-7FF66D3F4F84}.Ad-Hoc|x86.ActiveCfg = Ad-Hoc|iPhone
		{1020E4B6-2AEE-4A05-8A8A-7FF66D3F4F84}.AppStore|Any CPU.ActiveCfg = AppStore|iPhone
		{1020E4B6-2AEE-4A05-8A8A-7FF66D3F4F84}.AppStore|ARM.ActiveCfg = AppStore|iPhone
		{1020E4B6-2AEE-4A05-8A8A-7FF66D3F4F84}.AppStore|iPhone.ActiveCfg = AppStore|iPhone
		{1020E4B6-2AEE-4A05-8A8A-7FF66D3F4F84}.AppStore|iPhone.Build.0 = AppStore|iPhone
		{1020E4B6-2AEE-4A05-8A8A-7FF66D3F4F84}.AppStore|iPhoneSimulator.ActiveCfg = AppStore|iPhoneSimulator
		{1020E4B6-2AEE-4A05-8A8A-7FF66D3F4F84}.AppStore|iPhoneSimulator.Build.0 = AppStore|iPhoneSimulator
		{1020E4B6-2AEE-4A05-8A8A-7FF66D3F4F84}.AppStore|x64.ActiveCfg = AppStore|iPhone
		{1020E4B6-2AEE-4A05-8A8A-7FF66D3F4F84}.AppStore|x86.ActiveCfg = AppStore|iPhone
		{1020E4B6-2AEE-4A05-8A8A-7FF66D3F4F84}.Debug|Any CPU.ActiveCfg = Debug|iPhone
		{1020E4B6-2AEE-4A05-8A8A-7FF66D3F4F84}.Debug|ARM.ActiveCfg = Debug|iPhone
		{1020E4B6-2AEE-4A05-8A8A-7FF66D3F4F84}.Debug|iPhone.ActiveCfg = Debug|iPhone
		{1020E4B6-2AEE-4A05-8A8A-7FF66D3F4F84}.Debug|iPhone.Build.0 = Debug|iPhone
		{1020E4B6-2AEE-4A05-8A8A-7FF66D3F4F84}.Debug|iPhoneSimulator.ActiveCfg = Debug|iPhoneSimulator
		{1020E4B6-2AEE-4A05-8A8A-7FF66D3F4F84}.Debug|iPhoneSimulator.Build.0 = Debug|iPhoneSimulator
		{1020E4B6-2AEE-4A05-8A8A-7FF66D3F4F84}.Debug|x64.ActiveCfg = Debug|iPhone
		{1020E4B6-2AEE-4A05-8A8A-7FF66D3F4F84}.Debug|x86.ActiveCfg = Debug|iPhone
		{1020E4B6-2AEE-4A05-8A8A-7FF66D3F4F84}.Release|Any CPU.ActiveCfg = Release|iPhone
		{1020E4B6-2AEE-4A05-8A8A-7FF66D3F4F84}.Release|ARM.ActiveCfg = Release|iPhone
		{1020E4B6-2AEE-4A05-8A8A-7FF66D3F4F84}.Release|iPhone.ActiveCfg = Release|iPhone
		{1020E4B6-2AEE-4A05-8A8A-7FF66D3F4F84}.Release|iPhone.Build.0 = Release|iPhone
		{1020E4B6-2AEE-4A05-8A8A-7FF66D3F4F84}.Release|iPhoneSimulator.ActiveCfg = Release|iPhoneSimulator
		{1020E4B6-2AEE-4A05-8A8A-7FF66D3F4F84}.Release|iPhoneSimulator.Build.0 = Release|iPhoneSimulator
		{1020E4B6-2AEE-4A05-8A8A-7FF66D3F4F84}.Release|x64.ActiveCfg = Release|iPhone
		{1020E4B6-2AEE-4A05-8A8A-7FF66D3F4F84}.Release|x86.ActiveCfg = Release|iPhone
		{C1CE1A68-A54A-493E-B208-E7397F51C8FE}.Ad-Hoc|Any CPU.ActiveCfg = Release|x86
		{C1CE1A68-A54A-493E-B208-E7397F51C8FE}.Ad-Hoc|Any CPU.Build.0 = Release|x86
		{C1CE1A68-A54A-493E-B208-E7397F51C8FE}.Ad-Hoc|Any CPU.Deploy.0 = Release|x86
		{C1CE1A68-A54A-493E-B208-E7397F51C8FE}.Ad-Hoc|ARM.ActiveCfg = Release|ARM
		{C1CE1A68-A54A-493E-B208-E7397F51C8FE}.Ad-Hoc|ARM.Build.0 = Release|ARM
		{C1CE1A68-A54A-493E-B208-E7397F51C8FE}.Ad-Hoc|ARM.Deploy.0 = Release|ARM
		{C1CE1A68-A54A-493E-B208-E7397F51C8FE}.Ad-Hoc|iPhone.ActiveCfg = Release|x86
		{C1CE1A68-A54A-493E-B208-E7397F51C8FE}.Ad-Hoc|iPhone.Build.0 = Release|x86
		{C1CE1A68-A54A-493E-B208-E7397F51C8FE}.Ad-Hoc|iPhone.Deploy.0 = Release|x86
		{C1CE1A68-A54A-493E-B208-E7397F51C8FE}.Ad-Hoc|iPhoneSimulator.ActiveCfg = Release|x86
		{C1CE1A68-A54A-493E-B208-E7397F51C8FE}.Ad-Hoc|iPhoneSimulator.Build.0 = Release|x86
		{C1CE1A68-A54A-493E-B208-E7397F51C8FE}.Ad-Hoc|iPhoneSimulator.Deploy.0 = Release|x86
		{C1CE1A68-A54A-493E-B208-E7397F51C8FE}.Ad-Hoc|x64.ActiveCfg = Release|x64
		{C1CE1A68-A54A-493E-B208-E7397F51C8FE}.Ad-Hoc|x64.Build.0 = Release|x64
		{C1CE1A68-A54A-493E-B208-E7397F51C8FE}.Ad-Hoc|x64.Deploy.0 = Release|x64
		{C1CE1A68-A54A-493E-B208-E7397F51C8FE}.Ad-Hoc|x86.ActiveCfg = Release|x86
		{C1CE1A68-A54A-493E-B208-E7397F51C8FE}.Ad-Hoc|x86.Build.0 = Release|x86
		{C1CE1A68-A54A-493E-B208-E7397F51C8FE}.Ad-Hoc|x86.Deploy.0 = Release|x86
		{C1CE1A68-A54A-493E-B208-E7397F51C8FE}.AppStore|Any CPU.ActiveCfg = Release|x86
		{C1CE1A68-A54A-493E-B208-E7397F51C8FE}.AppStore|Any CPU.Build.0 = Release|x86
		{C1CE1A68-A54A-493E-B208-E7397F51C8FE}.AppStore|Any CPU.Deploy.0 = Release|x86
		{C1CE1A68-A54A-493E-B208-E7397F51C8FE}.AppStore|ARM.ActiveCfg = Release|ARM
		{C1CE1A68-A54A-493E-B208-E7397F51C8FE}.AppStore|ARM.Build.0 = Release|ARM
		{C1CE1A68-A54A-493E-B208-E7397F51C8FE}.AppStore|ARM.Deploy.0 = Release|ARM
		{C1CE1A68-A54A-493E-B208-E7397F51C8FE}.AppStore|iPhone.ActiveCfg = Release|x86
		{C1CE1A68-A54A-493E-B208-E7397F51C8FE}.AppStore|iPhone.Build.0 = Release|x86
		{C1CE1A68-A54A-493E-B208-E7397F51C8FE}.AppStore|iPhone.Deploy.0 = Release|x86
		{C1CE1A68-A54A-493E-B208-E7397F51C8FE}.AppStore|iPhoneSimulator.ActiveCfg = Release|x86
		{C1CE1A68-A54A-493E-B208-E7397F51C8FE}.AppStore|iPhoneSimulator.Build.0 = Release|x86
		{C1CE1A68-A54A-493E-B208-E7397F51C8FE}.AppStore|iPhoneSimulator.Deploy.0 = Release|x86
		{C1CE1A68-A54A-493E-B208-E7397F51C8FE}.AppStore|x64.ActiveCfg = Release|x64
		{C1CE1A68-A54A-493E-B208-E7397F51C8FE}.AppStore|x64.Build.0 = Release|x64
		{C1CE1A68-A54A-493E-B208-E7397F51C8FE}.AppStore|x64.Deploy.0 = Release|x64
		{C1CE1A68-A54A-493E-B208-E7397F51C8FE}.AppStore|x86.ActiveCfg = Release|x86
		{C1CE1A68-A54A-493E-B208-E7397F51C8FE}.AppStore|x86.Build.0 = Release|x86
		{C1CE1A68-A54A-493E-B208-E7397F51C8FE}.AppStore|x86.Deploy.0 = Release|x86
		{C1CE1A68-A54A-493E-B208-E7397F51C8FE}.Debug|Any CPU.ActiveCfg = Debug|x86
		{C1CE1A68-A54A-493E-B208-E7397F51C8FE}.Debug|Any CPU.Build.0 = Debug|x86
		{C1CE1A68-A54A-493E-B208-E7397F51C8FE}.Debug|Any CPU.Deploy.0 = Debug|x86
		{C1CE1A68-A54A-493E-B208-E7397F51C8FE}.Debug|ARM.ActiveCfg = Debug|ARM
		{C1CE1A68-A54A-493E-B208-E7397F51C8FE}.Debug|ARM.Build.0 = Debug|ARM
		{C1CE1A68-A54A-493E-B208-E7397F51C8FE}.Debug|ARM.Deploy.0 = Debug|ARM
		{C1CE1A68-A54A-493E-B208-E7397F51C8FE}.Debug|iPhone.ActiveCfg = Debug|x86
		{C1CE1A68-A54A-493E-B208-E7397F51C8FE}.Debug|iPhoneSimulator.ActiveCfg = Debug|x86
		{C1CE1A68-A54A-493E-B208-E7397F51C8FE}.Debug|x64.ActiveCfg = Debug|x64
		{C1CE1A68-A54A-493E-B208-E7397F51C8FE}.Debug|x64.Build.0 = Debug|x64
		{C1CE1A68-A54A-493E-B208-E7397F51C8FE}.Debug|x64.Deploy.0 = Debug|x64
		{C1CE1A68-A54A-493E-B208-E7397F51C8FE}.Debug|x86.ActiveCfg = Debug|x86
		{C1CE1A68-A54A-493E-B208-E7397F51C8FE}.Debug|x86.Build.0 = Debug|x86
		{C1CE1A68-A54A-493E-B208-E7397F51C8FE}.Debug|x86.Deploy.0 = Debug|x86
		{C1CE1A68-A54A-493E-B208-E7397F51C8FE}.Release|Any CPU.ActiveCfg = Release|x86
		{C1CE1A68-A54A-493E-B208-E7397F51C8FE}.Release|ARM.ActiveCfg = Release|ARM
		{C1CE1A68-A54A-493E-B208-E7397F51C8FE}.Release|ARM.Build.0 = Release|ARM
		{C1CE1A68-A54A-493E-B208-E7397F51C8FE}.Release|ARM.Deploy.0 = Release|ARM
		{C1CE1A68-A54A-493E-B208-E7397F51C8FE}.Release|iPhone.ActiveCfg = Release|x86
		{C1CE1A68-A54A-493E-B208-E7397F51C8FE}.Release|iPhoneSimulator.ActiveCfg = Release|x86
		{C1CE1A68-A54A-493E-B208-E7397F51C8FE}.Release|x64.ActiveCfg = Release|x64
		{C1CE1A68-A54A-493E-B208-E7397F51C8FE}.Release|x64.Build.0 = Release|x64
		{C1CE1A68-A54A-493E-B208-E7397F51C8FE}.Release|x64.Deploy.0 = Release|x64
		{C1CE1A68-A54A-493E-B208-E7397F51C8FE}.Release|x86.ActiveCfg = Release|x86
		{C1CE1A68-A54A-493E-B208-E7397F51C8FE}.Release|x86.Build.0 = Release|x86
		{C1CE1A68-A54A-493E-B208-E7397F51C8FE}.Release|x86.Deploy.0 = Release|x86
		{140BC4FB-B15C-4492-8476-B87FC258C135}.Ad-Hoc|Any CPU.ActiveCfg = Release|Any CPU
		{140BC4FB-B15C-4492-8476-B87FC258C135}.Ad-Hoc|Any CPU.Build.0 = Release|Any CPU
		{140BC4FB-B15C-4492-8476-B87FC258C135}.Ad-Hoc|ARM.ActiveCfg = Release|Any CPU
		{140BC4FB-B15C-4492-8476-B87FC258C135}.Ad-Hoc|ARM.Build.0 = Release|Any CPU
		{140BC4FB-B15C-4492-8476-B87FC258C135}.Ad-Hoc|iPhone.ActiveCfg = Release|Any CPU
		{140BC4FB-B15C-4492-8476-B87FC258C135}.Ad-Hoc|iPhone.Build.0 = Release|Any CPU
		{140BC4FB-B15C-4492-8476-B87FC258C135}.Ad-Hoc|iPhoneSimulator.ActiveCfg = Release|Any CPU
		{140BC4FB-B15C-4492-8476-B87FC258C135}.Ad-Hoc|iPhoneSimulator.Build.0 = Release|Any CPU
		{140BC4FB-B15C-4492-8476-B87FC258C135}.Ad-Hoc|x64.ActiveCfg = Release|Any CPU
		{140BC4FB-B15C-4492-8476-B87FC258C135}.Ad-Hoc|x64.Build.0 = Release|Any CPU
		{140BC4FB-B15C-4492-8476-B87FC258C135}.Ad-Hoc|x86.ActiveCfg = Release|Any CPU
		{140BC4FB-B15C-4492-8476-B87FC258C135}.Ad-Hoc|x86.Build.0 = Release|Any CPU
		{140BC4FB-B15C-4492-8476-B87FC258C135}.AppStore|Any CPU.ActiveCfg = Release|Any CPU
		{140BC4FB-B15C-4492-8476-B87FC258C135}.AppStore|Any CPU.Build.0 = Release|Any CPU
		{140BC4FB-B15C-4492-8476-B87FC258C135}.AppStore|ARM.ActiveCfg = Release|Any CPU
		{140BC4FB-B15C-4492-8476-B87FC258C135}.AppStore|ARM.Build.0 = Release|Any CPU
		{140BC4FB-B15C-4492-8476-B87FC258C135}.AppStore|iPhone.ActiveCfg = Release|Any CPU
		{140BC4FB-B15C-4492-8476-B87FC258C135}.AppStore|iPhone.Build.0 = Release|Any CPU
		{140BC4FB-B15C-4492-8476-B87FC258C135}.AppStore|iPhoneSimulator.ActiveCfg = Release|Any CPU
		{140BC4FB-B15C-4492-8476-B87FC258C135}.AppStore|iPhoneSimulator.Build.0 = Release|Any CPU
		{140BC4FB-B15C-4492-8476-B87FC258C135}.AppStore|x64.ActiveCfg = Release|Any CPU
		{140BC4FB-B15C-4492-8476-B87FC258C135}.AppStore|x64.Build.0 = Release|Any CPU
		{140BC4FB-B15C-4492-8476-B87FC258C135}.AppStore|x86.ActiveCfg = Release|Any CPU
		{140BC4FB-B15C-4492-8476-B87FC258C135}.AppStore|x86.Build.0 = Release|Any CPU
		{140BC4FB-B15C-4492-8476-B87FC258C135}.Debug|Any CPU.ActiveCfg = Debug|Any CPU
		{140BC4FB-B15C-4492-8476-B87FC258C135}.Debug|Any CPU.Build.0 = Debug|Any CPU
		{140BC4FB-B15C-4492-8476-B87FC258C135}.Debug|ARM.ActiveCfg = Debug|Any CPU
		{140BC4FB-B15C-4492-8476-B87FC258C135}.Debug|ARM.Build.0 = Debug|Any CPU
		{140BC4FB-B15C-4492-8476-B87FC258C135}.Debug|iPhone.ActiveCfg = Debug|Any CPU
		{140BC4FB-B15C-4492-8476-B87FC258C135}.Debug|iPhone.Build.0 = Debug|Any CPU
		{140BC4FB-B15C-4492-8476-B87FC258C135}.Debug|iPhoneSimulator.ActiveCfg = Debug|Any CPU
		{140BC4FB-B15C-4492-8476-B87FC258C135}.Debug|iPhoneSimulator.Build.0 = Debug|Any CPU
		{140BC4FB-B15C-4492-8476-B87FC258C135}.Debug|x64.ActiveCfg = Debug|Any CPU
		{140BC4FB-B15C-4492-8476-B87FC258C135}.Debug|x64.Build.0 = Debug|Any CPU
		{140BC4FB-B15C-4492-8476-B87FC258C135}.Debug|x86.ActiveCfg = Debug|Any CPU
		{140BC4FB-B15C-4492-8476-B87FC258C135}.Debug|x86.Build.0 = Debug|Any CPU
		{140BC4FB-B15C-4492-8476-B87FC258C135}.Release|Any CPU.ActiveCfg = Release|Any CPU
		{140BC4FB-B15C-4492-8476-B87FC258C135}.Release|Any CPU.Build.0 = Release|Any CPU
		{140BC4FB-B15C-4492-8476-B87FC258C135}.Release|ARM.ActiveCfg = Release|Any CPU
		{140BC4FB-B15C-4492-8476-B87FC258C135}.Release|ARM.Build.0 = Release|Any CPU
		{140BC4FB-B15C-4492-8476-B87FC258C135}.Release|iPhone.ActiveCfg = Release|Any CPU
		{140BC4FB-B15C-4492-8476-B87FC258C135}.Release|iPhone.Build.0 = Release|Any CPU
		{140BC4FB-B15C-4492-8476-B87FC258C135}.Release|iPhoneSimulator.ActiveCfg = Release|Any CPU
		{140BC4FB-B15C-4492-8476-B87FC258C135}.Release|iPhoneSimulator.Build.0 = Release|Any CPU
		{140BC4FB-B15C-4492-8476-B87FC258C135}.Release|x64.ActiveCfg = Release|Any CPU
		{140BC4FB-B15C-4492-8476-B87FC258C135}.Release|x64.Build.0 = Release|Any CPU
		{140BC4FB-B15C-4492-8476-B87FC258C135}.Release|x86.ActiveCfg = Release|Any CPU
		{140BC4FB-B15C-4492-8476-B87FC258C135}.Release|x86.Build.0 = Release|Any CPU
	EndGlobalSection
	GlobalSection(SolutionProperties) = preSolution
		HideSolutionNode = FALSE
	EndGlobalSection
EndGlobal
