
Microsoft Visual Studio Solution File, Format Version 12.00
# Visual Studio 14
VisualStudioVersion = 14.0.25420.1
MinimumVisualStudioVersion = 10.0.40219.1
Project("{FAE04EC0-301F-11D3-BF4B-00C04F79EFBC}") = "XamaPic.vNext", "XamaPic.vNext\XamaPic.vNext.csproj", "{433AC062-01CD-426A-8360-B5CEDFE6B6DA}"
EndProject
Project("{FAE04EC0-301F-11D3-BF4B-00C04F79EFBC}") = "XamaPic.Utility", "XamaPic.Utility\XamaPic.Utility.csproj", "{1C7371E2-2B66-4B45-8BEB-3A7F5083DFE6}"
EndProject
Project("{FAE04EC0-301F-11D3-BF4B-00C04F79EFBC}") = "XamaPic.Server.Core", "XamaPic.Server.Core\XamaPic.Server.Core\XamaPic.Server.Core.csproj", "{67F638DF-999C-459D-B181-126B900FD741}"
EndProject
Project("{FAE04EC0-301F-11D3-BF4B-00C04F79EFBC}") = "XamaPic.Mobile.Droid", "XamaPic.Mobile\XamaPic.Mobile.Droid\XamaPic.Mobile.Droid.csproj", "{81F93084-E58F-49F1-AF8A-786ACB876D99}"
EndProject
Project("{FAE04EC0-301F-11D3-BF4B-00C04F79EFBC}") = "XamaPic.Mobile.iOS", "XamaPic.Mobile\XamaPic.Mobile.iOS\XamaPic.Mobile.iOS.csproj", "{F3277F36-4FF2-4C39-A89B-5B6FCEF901F6}"
EndProject
Project("{FAE04EC0-301F-11D3-BF4B-00C04F79EFBC}") = "XamaPic.Mobile.UWP", "XamaPic.Mobile\XamaPic.Mobile.UWP\XamaPic.Mobile.UWP.csproj", "{622C50CB-F462-4A48-8609-C3F71CC5158D}"
EndProject
Project("{FAE04EC0-301F-11D3-BF4B-00C04F79EFBC}") = "XamaPic.Mobile", "XamaPic.Mobile\XamaPic.Mobile\XamaPic.Mobile.csproj", "{85FD02EC-6D14-4C8A-B9EB-EA94B6BB846E}"
EndProject
Global
	GlobalSection(SolutionConfigurationPlatforms) = preSolution
		Ad-Hoc|Any CPU = Ad-Hoc|Any CPU
		Ad-Hoc|ARM = Ad-Hoc|ARM
		Ad-Hoc|iPhone = Ad-Hoc|iPhone
		Ad-Hoc|iPhoneSimulator = Ad-Hoc|iPhoneSimulator
		Ad-Hoc|x64 = Ad-Hoc|x64
		Ad-Hoc|x86 = Ad-Hoc|x86
		AppStore|Any CPU = AppStore|Any CPU
		AppStore|ARM = AppStore|ARM
		AppStore|iPhone = AppStore|iPhone
		AppStore|iPhoneSimulator = AppStore|iPhoneSimulator
		AppStore|x64 = AppStore|x64
		AppStore|x86 = AppStore|x86
		Debug|Any CPU = Debug|Any CPU
		Debug|ARM = Debug|ARM
		Debug|iPhone = Debug|iPhone
		Debug|iPhoneSimulator = Debug|iPhoneSimulator
		Debug|x64 = Debug|x64
		Debug|x86 = Debug|x86
		Release|Any CPU = Release|Any CPU
		Release|ARM = Release|ARM
		Release|iPhone = Release|iPhone
		Release|iPhoneSimulator = Release|iPhoneSimulator
		Release|x64 = Release|x64
		Release|x86 = Release|x86
	EndGlobalSection
	GlobalSection(ProjectConfigurationPlatforms) = postSolution
		{433AC062-01CD-426A-8360-B5CEDFE6B6DA}.Ad-Hoc|Any CPU.ActiveCfg = Release|Any CPU
		{433AC062-01CD-426A-8360-B5CEDFE6B6DA}.Ad-Hoc|Any CPU.Build.0 = Release|Any CPU
		{433AC062-01CD-426A-8360-B5CEDFE6B6DA}.Ad-Hoc|ARM.ActiveCfg = Release|Any CPU
		{433AC062-01CD-426A-8360-B5CEDFE6B6DA}.Ad-Hoc|ARM.Build.0 = Release|Any CPU
		{433AC062-01CD-426A-8360-B5CEDFE6B6DA}.Ad-Hoc|iPhone.ActiveCfg = Release|Any CPU
		{433AC062-01CD-426A-8360-B5CEDFE6B6DA}.Ad-Hoc|iPhone.Build.0 = Release|Any CPU
		{433AC062-01CD-426A-8360-B5CEDFE6B6DA}.Ad-Hoc|iPhoneSimulator.ActiveCfg = Release|Any CPU
		{433AC062-01CD-426A-8360-B5CEDFE6B6DA}.Ad-Hoc|iPhoneSimulator.Build.0 = Release|Any CPU
		{433AC062-01CD-426A-8360-B5CEDFE6B6DA}.Ad-Hoc|x64.ActiveCfg = Release|Any CPU
		{433AC062-01CD-426A-8360-B5CEDFE6B6DA}.Ad-Hoc|x64.Build.0 = Release|Any CPU
		{433AC062-01CD-426A-8360-B5CEDFE6B6DA}.Ad-Hoc|x86.ActiveCfg = Release|Any CPU
		{433AC062-01CD-426A-8360-B5CEDFE6B6DA}.Ad-Hoc|x86.Build.0 = Release|Any CPU
		{433AC062-01CD-426A-8360-B5CEDFE6B6DA}.AppStore|Any CPU.ActiveCfg = Release|Any CPU
		{433AC062-01CD-426A-8360-B5CEDFE6B6DA}.AppStore|Any CPU.Build.0 = Release|Any CPU
		{433AC062-01CD-426A-8360-B5CEDFE6B6DA}.AppStore|ARM.ActiveCfg = Release|Any CPU
		{433AC062-01CD-426A-8360-B5CEDFE6B6DA}.AppStore|ARM.Build.0 = Release|Any CPU
		{433AC062-01CD-426A-8360-B5CEDFE6B6DA}.AppStore|iPhone.ActiveCfg = Release|Any CPU
		{433AC062-01CD-426A-8360-B5CEDFE6B6DA}.AppStore|iPhone.Build.0 = Release|Any CPU
		{433AC062-01CD-426A-8360-B5CEDFE6B6DA}.AppStore|iPhoneSimulator.ActiveCfg = Release|Any CPU
		{433AC062-01CD-426A-8360-B5CEDFE6B6DA}.AppStore|iPhoneSimulator.Build.0 = Release|Any CPU
		{433AC062-01CD-426A-8360-B5CEDFE6B6DA}.AppStore|x64.ActiveCfg = Release|Any CPU
		{433AC062-01CD-426A-8360-B5CEDFE6B6DA}.AppStore|x64.Build.0 = Release|Any CPU
		{433AC062-01CD-426A-8360-B5CEDFE6B6DA}.AppStore|x86.ActiveCfg = Release|Any CPU
		{433AC062-01CD-426A-8360-B5CEDFE6B6DA}.AppStore|x86.Build.0 = Release|Any CPU
		{433AC062-01CD-426A-8360-B5CEDFE6B6DA}.Debug|Any CPU.ActiveCfg = Debug|Any CPU
		{433AC062-01CD-426A-8360-B5CEDFE6B6DA}.Debug|Any CPU.Build.0 = Debug|Any CPU
		{433AC062-01CD-426A-8360-B5CEDFE6B6DA}.Debug|ARM.ActiveCfg = Debug|Any CPU
		{433AC062-01CD-426A-8360-B5CEDFE6B6DA}.Debug|ARM.Build.0 = Debug|Any CPU
		{433AC062-01CD-426A-8360-B5CEDFE6B6DA}.Debug|iPhone.ActiveCfg = Debug|Any CPU
		{433AC062-01CD-426A-8360-B5CEDFE6B6DA}.Debug|iPhone.Build.0 = Debug|Any CPU
		{433AC062-01CD-426A-8360-B5CEDFE6B6DA}.Debug|iPhoneSimulator.ActiveCfg = Debug|Any CPU
		{433AC062-01CD-426A-8360-B5CEDFE6B6DA}.Debug|iPhoneSimulator.Build.0 = Debug|Any CPU
		{433AC062-01CD-426A-8360-B5CEDFE6B6DA}.Debug|x64.ActiveCfg = Debug|Any CPU
		{433AC062-01CD-426A-8360-B5CEDFE6B6DA}.Debug|x64.Build.0 = Debug|Any CPU
		{433AC062-01CD-426A-8360-B5CEDFE6B6DA}.Debug|x86.ActiveCfg = Debug|Any CPU
		{433AC062-01CD-426A-8360-B5CEDFE6B6DA}.Debug|x86.Build.0 = Debug|Any CPU
		{433AC062-01CD-426A-8360-B5CEDFE6B6DA}.Release|Any CPU.ActiveCfg = Release|Any CPU
		{433AC062-01CD-426A-8360-B5CEDFE6B6DA}.Release|Any CPU.Build.0 = Release|Any CPU
		{433AC062-01CD-426A-8360-B5CEDFE6B6DA}.Release|ARM.ActiveCfg = Release|Any CPU
		{433AC062-01CD-426A-8360-B5CEDFE6B6DA}.Release|ARM.Build.0 = Release|Any CPU
		{433AC062-01CD-426A-8360-B5CEDFE6B6DA}.Release|iPhone.ActiveCfg = Release|Any CPU
		{433AC062-01CD-426A-8360-B5CEDFE6B6DA}.Release|iPhone.Build.0 = Release|Any CPU
		{433AC062-01CD-426A-8360-B5CEDFE6B6DA}.Release|iPhoneSimulator.ActiveCfg = Release|Any CPU
		{433AC062-01CD-426A-8360-B5CEDFE6B6DA}.Release|iPhoneSimulator.Build.0 = Release|Any CPU
		{433AC062-01CD-426A-8360-B5CEDFE6B6DA}.Release|x64.ActiveCfg = Release|Any CPU
		{433AC062-01CD-426A-8360-B5CEDFE6B6DA}.Release|x64.Build.0 = Release|Any CPU
		{433AC062-01CD-426A-8360-B5CEDFE6B6DA}.Release|x86.ActiveCfg = Release|Any CPU
		{433AC062-01CD-426A-8360-B5CEDFE6B6DA}.Release|x86.Build.0 = Release|Any CPU
		{1C7371E2-2B66-4B45-8BEB-3A7F5083DFE6}.Ad-Hoc|Any CPU.ActiveCfg = Release|Any CPU
		{1C7371E2-2B66-4B45-8BEB-3A7F5083DFE6}.Ad-Hoc|Any CPU.Build.0 = Release|Any CPU
		{1C7371E2-2B66-4B45-8BEB-3A7F5083DFE6}.Ad-Hoc|ARM.ActiveCfg = Release|Any CPU
		{1C7371E2-2B66-4B45-8BEB-3A7F5083DFE6}.Ad-Hoc|ARM.Build.0 = Release|Any CPU
		{1C7371E2-2B66-4B45-8BEB-3A7F5083DFE6}.Ad-Hoc|iPhone.ActiveCfg = Release|Any CPU
		{1C7371E2-2B66-4B45-8BEB-3A7F5083DFE6}.Ad-Hoc|iPhone.Build.0 = Release|Any CPU
		{1C7371E2-2B66-4B45-8BEB-3A7F5083DFE6}.Ad-Hoc|iPhoneSimulator.ActiveCfg = Release|Any CPU
		{1C7371E2-2B66-4B45-8BEB-3A7F5083DFE6}.Ad-Hoc|iPhoneSimulator.Build.0 = Release|Any CPU
		{1C7371E2-2B66-4B45-8BEB-3A7F5083DFE6}.Ad-Hoc|x64.ActiveCfg = Release|Any CPU
		{1C7371E2-2B66-4B45-8BEB-3A7F5083DFE6}.Ad-Hoc|x64.Build.0 = Release|Any CPU
		{1C7371E2-2B66-4B45-8BEB-3A7F5083DFE6}.Ad-Hoc|x86.ActiveCfg = Release|Any CPU
		{1C7371E2-2B66-4B45-8BEB-3A7F5083DFE6}.Ad-Hoc|x86.Build.0 = Release|Any CPU
		{1C7371E2-2B66-4B45-8BEB-3A7F5083DFE6}.AppStore|Any CPU.ActiveCfg = Release|Any CPU
		{1C7371E2-2B66-4B45-8BEB-3A7F5083DFE6}.AppStore|Any CPU.Build.0 = Release|Any CPU
		{1C7371E2-2B66-4B45-8BEB-3A7F5083DFE6}.AppStore|ARM.ActiveCfg = Release|Any CPU
		{1C7371E2-2B66-4B45-8BEB-3A7F5083DFE6}.AppStore|ARM.Build.0 = Release|Any CPU
		{1C7371E2-2B66-4B45-8BEB-3A7F5083DFE6}.AppStore|iPhone.ActiveCfg = Release|Any CPU
		{1C7371E2-2B66-4B45-8BEB-3A7F5083DFE6}.AppStore|iPhone.Build.0 = Release|Any CPU
		{1C7371E2-2B66-4B45-8BEB-3A7F5083DFE6}.AppStore|iPhoneSimulator.ActiveCfg = Release|Any CPU
		{1C7371E2-2B66-4B45-8BEB-3A7F5083DFE6}.AppStore|iPhoneSimulator.Build.0 = Release|Any CPU
		{1C7371E2-2B66-4B45-8BEB-3A7F5083DFE6}.AppStore|x64.ActiveCfg = Release|Any CPU
		{1C7371E2-2B66-4B45-8BEB-3A7F5083DFE6}.AppStore|x64.Build.0 = Release|Any CPU
		{1C7371E2-2B66-4B45-8BEB-3A7F5083DFE6}.AppStore|x86.ActiveCfg = Release|Any CPU
		{1C7371E2-2B66-4B45-8BEB-3A7F5083DFE6}.AppStore|x86.Build.0 = Release|Any CPU
		{1C7371E2-2B66-4B45-8BEB-3A7F5083DFE6}.Debug|Any CPU.ActiveCfg = Debug|Any CPU
		{1C7371E2-2B66-4B45-8BEB-3A7F5083DFE6}.Debug|Any CPU.Build.0 = Debug|Any CPU
		{1C7371E2-2B66-4B45-8BEB-3A7F5083DFE6}.Debug|ARM.ActiveCfg = Debug|Any CPU
		{1C7371E2-2B66-4B45-8BEB-3A7F5083DFE6}.Debug|ARM.Build.0 = Debug|Any CPU
		{1C7371E2-2B66-4B45-8BEB-3A7F5083DFE6}.Debug|iPhone.ActiveCfg = Debug|Any CPU
		{1C7371E2-2B66-4B45-8BEB-3A7F5083DFE6}.Debug|iPhone.Build.0 = Debug|Any CPU
		{1C7371E2-2B66-4B45-8BEB-3A7F5083DFE6}.Debug|iPhoneSimulator.ActiveCfg = Debug|Any CPU
		{1C7371E2-2B66-4B45-8BEB-3A7F5083DFE6}.Debug|iPhoneSimulator.Build.0 = Debug|Any CPU
		{1C7371E2-2B66-4B45-8BEB-3A7F5083DFE6}.Debug|x64.ActiveCfg = Debug|Any CPU
		{1C7371E2-2B66-4B45-8BEB-3A7F5083DFE6}.Debug|x64.Build.0 = Debug|Any CPU
		{1C7371E2-2B66-4B45-8BEB-3A7F5083DFE6}.Debug|x86.ActiveCfg = Debug|Any CPU
		{1C7371E2-2B66-4B45-8BEB-3A7F5083DFE6}.Debug|x86.Build.0 = Debug|Any CPU
		{1C7371E2-2B66-4B45-8BEB-3A7F5083DFE6}.Release|Any CPU.ActiveCfg = Release|Any CPU
		{1C7371E2-2B66-4B45-8BEB-3A7F5083DFE6}.Release|Any CPU.Build.0 = Release|Any CPU
		{1C7371E2-2B66-4B45-8BEB-3A7F5083DFE6}.Release|ARM.ActiveCfg = Release|Any CPU
		{1C7371E2-2B66-4B45-8BEB-3A7F5083DFE6}.Release|ARM.Build.0 = Release|Any CPU
		{1C7371E2-2B66-4B45-8BEB-3A7F5083DFE6}.Release|iPhone.ActiveCfg = Release|Any CPU
		{1C7371E2-2B66-4B45-8BEB-3A7F5083DFE6}.Release|iPhone.Build.0 = Release|Any CPU
		{1C7371E2-2B66-4B45-8BEB-3A7F5083DFE6}.Release|iPhoneSimulator.ActiveCfg = Release|Any CPU
		{1C7371E2-2B66-4B45-8BEB-3A7F5083DFE6}.Release|iPhoneSimulator.Build.0 = Release|Any CPU
		{1C7371E2-2B66-4B45-8BEB-3A7F5083DFE6}.Release|x64.ActiveCfg = Release|Any CPU
		{1C7371E2-2B66-4B45-8BEB-3A7F5083DFE6}.Release|x64.Build.0 = Release|Any CPU
		{1C7371E2-2B66-4B45-8BEB-3A7F5083DFE6}.Release|x86.ActiveCfg = Release|Any CPU
		{1C7371E2-2B66-4B45-8BEB-3A7F5083DFE6}.Release|x86.Build.0 = Release|Any CPU
		{67F638DF-999C-459D-B181-126B900FD741}.Ad-Hoc|Any CPU.ActiveCfg = Release|Any CPU
		{67F638DF-999C-459D-B181-126B900FD741}.Ad-Hoc|Any CPU.Build.0 = Release|Any CPU
		{67F638DF-999C-459D-B181-126B900FD741}.Ad-Hoc|ARM.ActiveCfg = Release|Any CPU
		{67F638DF-999C-459D-B181-126B900FD741}.Ad-Hoc|ARM.Build.0 = Release|Any CPU
		{67F638DF-999C-459D-B181-126B900FD741}.Ad-Hoc|iPhone.ActiveCfg = Release|Any CPU
		{67F638DF-999C-459D-B181-126B900FD741}.Ad-Hoc|iPhone.Build.0 = Release|Any CPU
		{67F638DF-999C-459D-B181-126B900FD741}.Ad-Hoc|iPhoneSimulator.ActiveCfg = Release|Any CPU
		{67F638DF-999C-459D-B181-126B900FD741}.Ad-Hoc|iPhoneSimulator.Build.0 = Release|Any CPU
		{67F638DF-999C-459D-B181-126B900FD741}.Ad-Hoc|x64.ActiveCfg = Release|Any CPU
		{67F638DF-999C-459D-B181-126B900FD741}.Ad-Hoc|x64.Build.0 = Release|Any CPU
		{67F638DF-999C-459D-B181-126B900FD741}.Ad-Hoc|x86.ActiveCfg = Release|Any CPU
		{67F638DF-999C-459D-B181-126B900FD741}.Ad-Hoc|x86.Build.0 = Release|Any CPU
		{67F638DF-999C-459D-B181-126B900FD741}.AppStore|Any CPU.ActiveCfg = Release|Any CPU
		{67F638DF-999C-459D-B181-126B900FD741}.AppStore|Any CPU.Build.0 = Release|Any CPU
		{67F638DF-999C-459D-B181-126B900FD741}.AppStore|ARM.ActiveCfg = Release|Any CPU
		{67F638DF-999C-459D-B181-126B900FD741}.AppStore|ARM.Build.0 = Release|Any CPU
		{67F638DF-999C-459D-B181-126B900FD741}.AppStore|iPhone.ActiveCfg = Release|Any CPU
		{67F638DF-999C-459D-B181-126B900FD741}.AppStore|iPhone.Build.0 = Release|Any CPU
		{67F638DF-999C-459D-B181-126B900FD741}.AppStore|iPhoneSimulator.ActiveCfg = Release|Any CPU
		{67F638DF-999C-459D-B181-126B900FD741}.AppStore|iPhoneSimulator.Build.0 = Release|Any CPU
		{67F638DF-999C-459D-B181-126B900FD741}.AppStore|x64.ActiveCfg = Release|Any CPU
		{67F638DF-999C-459D-B181-126B900FD741}.AppStore|x64.Build.0 = Release|Any CPU
		{67F638DF-999C-459D-B181-126B900FD741}.AppStore|x86.ActiveCfg = Release|Any CPU
		{67F638DF-999C-459D-B181-126B900FD741}.AppStore|x86.Build.0 = Release|Any CPU
		{67F638DF-999C-459D-B181-126B900FD741}.Debug|Any CPU.ActiveCfg = Debug|Any CPU
		{67F638DF-999C-459D-B181-126B900FD741}.Debug|Any CPU.Build.0 = Debug|Any CPU
		{67F638DF-999C-459D-B181-126B900FD741}.Debug|ARM.ActiveCfg = Debug|Any CPU
		{67F638DF-999C-459D-B181-126B900FD741}.Debug|ARM.Build.0 = Debug|Any CPU
		{67F638DF-999C-459D-B181-126B900FD741}.Debug|iPhone.ActiveCfg = Debug|Any CPU
		{67F638DF-999C-459D-B181-126B900FD741}.Debug|iPhone.Build.0 = Debug|Any CPU
		{67F638DF-999C-459D-B181-126B900FD741}.Debug|iPhoneSimulator.ActiveCfg = Debug|Any CPU
		{67F638DF-999C-459D-B181-126B900FD741}.Debug|iPhoneSimulator.Build.0 = Debug|Any CPU
		{67F638DF-999C-459D-B181-126B900FD741}.Debug|x64.ActiveCfg = Debug|Any CPU
		{67F638DF-999C-459D-B181-126B900FD741}.Debug|x64.Build.0 = Debug|Any CPU
		{67F638DF-999C-459D-B181-126B900FD741}.Debug|x86.ActiveCfg = Debug|Any CPU
		{67F638DF-999C-459D-B181-126B900FD741}.Debug|x86.Build.0 = Debug|Any CPU
		{67F638DF-999C-459D-B181-126B900FD741}.Release|Any CPU.ActiveCfg = Release|Any CPU
		{67F638DF-999C-459D-B181-126B900FD741}.Release|Any CPU.Build.0 = Release|Any CPU
		{67F638DF-999C-459D-B181-126B900FD741}.Release|ARM.ActiveCfg = Release|Any CPU
		{67F638DF-999C-459D-B181-126B900FD741}.Release|ARM.Build.0 = Release|Any CPU
		{67F638DF-999C-459D-B181-126B900FD741}.Release|iPhone.ActiveCfg = Release|Any CPU
		{67F638DF-999C-459D-B181-126B900FD741}.Release|iPhone.Build.0 = Release|Any CPU
		{67F638DF-999C-459D-B181-126B900FD741}.Release|iPhoneSimulator.ActiveCfg = Release|Any CPU
		{67F638DF-999C-459D-B181-126B900FD741}.Release|iPhoneSimulator.Build.0 = Release|Any CPU
		{67F638DF-999C-459D-B181-126B900FD741}.Release|x64.ActiveCfg = Release|Any CPU
		{67F638DF-999C-459D-B181-126B900FD741}.Release|x64.Build.0 = Release|Any CPU
		{67F638DF-999C-459D-B181-126B900FD741}.Release|x86.ActiveCfg = Release|Any CPU
		{67F638DF-999C-459D-B181-126B900FD741}.Release|x86.Build.0 = Release|Any CPU
		{81F93084-E58F-49F1-AF8A-786ACB876D99}.Ad-Hoc|Any CPU.ActiveCfg = Release|Any CPU
		{81F93084-E58F-49F1-AF8A-786ACB876D99}.Ad-Hoc|Any CPU.Build.0 = Release|Any CPU
		{81F93084-E58F-49F1-AF8A-786ACB876D99}.Ad-Hoc|Any CPU.Deploy.0 = Release|Any CPU
		{81F93084-E58F-49F1-AF8A-786ACB876D99}.Ad-Hoc|ARM.ActiveCfg = Release|Any CPU
		{81F93084-E58F-49F1-AF8A-786ACB876D99}.Ad-Hoc|ARM.Build.0 = Release|Any CPU
		{81F93084-E58F-49F1-AF8A-786ACB876D99}.Ad-Hoc|ARM.Deploy.0 = Release|Any CPU
		{81F93084-E58F-49F1-AF8A-786ACB876D99}.Ad-Hoc|iPhone.ActiveCfg = Release|Any CPU
		{81F93084-E58F-49F1-AF8A-786ACB876D99}.Ad-Hoc|iPhone.Build.0 = Release|Any CPU
		{81F93084-E58F-49F1-AF8A-786ACB876D99}.Ad-Hoc|iPhone.Deploy.0 = Release|Any CPU
		{81F93084-E58F-49F1-AF8A-786ACB876D99}.Ad-Hoc|iPhoneSimulator.ActiveCfg = Release|Any CPU
		{81F93084-E58F-49F1-AF8A-786ACB876D99}.Ad-Hoc|iPhoneSimulator.Build.0 = Release|Any CPU
		{81F93084-E58F-49F1-AF8A-786ACB876D99}.Ad-Hoc|iPhoneSimulator.Deploy.0 = Release|Any CPU
		{81F93084-E58F-49F1-AF8A-786ACB876D99}.Ad-Hoc|x64.ActiveCfg = Release|Any CPU
		{81F93084-E58F-49F1-AF8A-786ACB876D99}.Ad-Hoc|x64.Build.0 = Release|Any CPU
		{81F93084-E58F-49F1-AF8A-786ACB876D99}.Ad-Hoc|x64.Deploy.0 = Release|Any CPU
		{81F93084-E58F-49F1-AF8A-786ACB876D99}.Ad-Hoc|x86.ActiveCfg = Release|Any CPU
		{81F93084-E58F-49F1-AF8A-786ACB876D99}.Ad-Hoc|x86.Build.0 = Release|Any CPU
		{81F93084-E58F-49F1-AF8A-786ACB876D99}.Ad-Hoc|x86.Deploy.0 = Release|Any CPU
		{81F93084-E58F-49F1-AF8A-786ACB876D99}.AppStore|Any CPU.ActiveCfg = Release|Any CPU
		{81F93084-E58F-49F1-AF8A-786ACB876D99}.AppStore|Any CPU.Build.0 = Release|Any CPU
		{81F93084-E58F-49F1-AF8A-786ACB876D99}.AppStore|Any CPU.Deploy.0 = Release|Any CPU
		{81F93084-E58F-49F1-AF8A-786ACB876D99}.AppStore|ARM.ActiveCfg = Release|Any CPU
		{81F93084-E58F-49F1-AF8A-786ACB876D99}.AppStore|ARM.Build.0 = Release|Any CPU
		{81F93084-E58F-49F1-AF8A-786ACB876D99}.AppStore|ARM.Deploy.0 = Release|Any CPU
		{81F93084-E58F-49F1-AF8A-786ACB876D99}.AppStore|iPhone.ActiveCfg = Release|Any CPU
		{81F93084-E58F-49F1-AF8A-786ACB876D99}.AppStore|iPhone.Build.0 = Release|Any CPU
		{81F93084-E58F-49F1-AF8A-786ACB876D99}.AppStore|iPhone.Deploy.0 = Release|Any CPU
		{81F93084-E58F-49F1-AF8A-786ACB876D99}.AppStore|iPhoneSimulator.ActiveCfg = Release|Any CPU
		{81F93084-E58F-49F1-AF8A-786ACB876D99}.AppStore|iPhoneSimulator.Build.0 = Release|Any CPU
		{81F93084-E58F-49F1-AF8A-786ACB876D99}.AppStore|iPhoneSimulator.Deploy.0 = Release|Any CPU
		{81F93084-E58F-49F1-AF8A-786ACB876D99}.AppStore|x64.ActiveCfg = Release|Any CPU
		{81F93084-E58F-49F1-AF8A-786ACB876D99}.AppStore|x64.Build.0 = Release|Any CPU
		{81F93084-E58F-49F1-AF8A-786ACB876D99}.AppStore|x64.Deploy.0 = Release|Any CPU
		{81F93084-E58F-49F1-AF8A-786ACB876D99}.AppStore|x86.ActiveCfg = Release|Any CPU
		{81F93084-E58F-49F1-AF8A-786ACB876D99}.AppStore|x86.Build.0 = Release|Any CPU
		{81F93084-E58F-49F1-AF8A-786ACB876D99}.AppStore|x86.Deploy.0 = Release|Any CPU
		{81F93084-E58F-49F1-AF8A-786ACB876D99}.Debug|Any CPU.ActiveCfg = Debug|Any CPU
		{81F93084-E58F-49F1-AF8A-786ACB876D99}.Debug|Any CPU.Build.0 = Debug|Any CPU
		{81F93084-E58F-49F1-AF8A-786ACB876D99}.Debug|Any CPU.Deploy.0 = Debug|Any CPU
		{81F93084-E58F-49F1-AF8A-786ACB876D99}.Debug|ARM.ActiveCfg = Debug|Any CPU
		{81F93084-E58F-49F1-AF8A-786ACB876D99}.Debug|ARM.Build.0 = Debug|Any CPU
		{81F93084-E58F-49F1-AF8A-786ACB876D99}.Debug|ARM.Deploy.0 = Debug|Any CPU
		{81F93084-E58F-49F1-AF8A-786ACB876D99}.Debug|iPhone.ActiveCfg = Debug|Any CPU
		{81F93084-E58F-49F1-AF8A-786ACB876D99}.Debug|iPhone.Build.0 = Debug|Any CPU
		{81F93084-E58F-49F1-AF8A-786ACB876D99}.Debug|iPhone.Deploy.0 = Debug|Any CPU
		{81F93084-E58F-49F1-AF8A-786ACB876D99}.Debug|iPhoneSimulator.ActiveCfg = Debug|Any CPU
		{81F93084-E58F-49F1-AF8A-786ACB876D99}.Debug|iPhoneSimulator.Build.0 = Debug|Any CPU
		{81F93084-E58F-49F1-AF8A-786ACB876D99}.Debug|iPhoneSimulator.Deploy.0 = Debug|Any CPU
		{81F93084-E58F-49F1-AF8A-786ACB876D99}.Debug|x64.ActiveCfg = Debug|Any CPU
		{81F93084-E58F-49F1-AF8A-786ACB876D99}.Debug|x64.Build.0 = Debug|Any CPU
		{81F93084-E58F-49F1-AF8A-786ACB876D99}.Debug|x64.Deploy.0 = Debug|Any CPU
		{81F93084-E58F-49F1-AF8A-786ACB876D99}.Debug|x86.ActiveCfg = Debug|Any CPU
		{81F93084-E58F-49F1-AF8A-786ACB876D99}.Debug|x86.Build.0 = Debug|Any CPU
		{81F93084-E58F-49F1-AF8A-786ACB876D99}.Debug|x86.Deploy.0 = Debug|Any CPU
		{81F93084-E58F-49F1-AF8A-786ACB876D99}.Release|Any CPU.ActiveCfg = Release|Any CPU
		{81F93084-E58F-49F1-AF8A-786ACB876D99}.Release|Any CPU.Build.0 = Release|Any CPU
		{81F93084-E58F-49F1-AF8A-786ACB876D99}.Release|Any CPU.Deploy.0 = Release|Any CPU
		{81F93084-E58F-49F1-AF8A-786ACB876D99}.Release|ARM.ActiveCfg = Release|Any CPU
		{81F93084-E58F-49F1-AF8A-786ACB876D99}.Release|ARM.Build.0 = Release|Any CPU
		{81F93084-E58F-49F1-AF8A-786ACB876D99}.Release|ARM.Deploy.0 = Release|Any CPU
		{81F93084-E58F-49F1-AF8A-786ACB876D99}.Release|iPhone.ActiveCfg = Release|Any CPU
		{81F93084-E58F-49F1-AF8A-786ACB876D99}.Release|iPhone.Build.0 = Release|Any CPU
		{81F93084-E58F-49F1-AF8A-786ACB876D99}.Release|iPhone.Deploy.0 = Release|Any CPU
		{81F93084-E58F-49F1-AF8A-786ACB876D99}.Release|iPhoneSimulator.ActiveCfg = Release|Any CPU
		{81F93084-E58F-49F1-AF8A-786ACB876D99}.Release|iPhoneSimulator.Build.0 = Release|Any CPU
		{81F93084-E58F-49F1-AF8A-786ACB876D99}.Release|iPhoneSimulator.Deploy.0 = Release|Any CPU
		{81F93084-E58F-49F1-AF8A-786ACB876D99}.Release|x64.ActiveCfg = Release|Any CPU
		{81F93084-E58F-49F1-AF8A-786ACB876D99}.Release|x64.Build.0 = Release|Any CPU
		{81F93084-E58F-49F1-AF8A-786ACB876D99}.Release|x64.Deploy.0 = Release|Any CPU
		{81F93084-E58F-49F1-AF8A-786ACB876D99}.Release|x86.ActiveCfg = Release|Any CPU
		{81F93084-E58F-49F1-AF8A-786ACB876D99}.Release|x86.Build.0 = Release|Any CPU
		{81F93084-E58F-49F1-AF8A-786ACB876D99}.Release|x86.Deploy.0 = Release|Any CPU
		{F3277F36-4FF2-4C39-A89B-5B6FCEF901F6}.Ad-Hoc|Any CPU.ActiveCfg = Ad-Hoc|iPhone
		{F3277F36-4FF2-4C39-A89B-5B6FCEF901F6}.Ad-Hoc|ARM.ActiveCfg = Ad-Hoc|iPhone
		{F3277F36-4FF2-4C39-A89B-5B6FCEF901F6}.Ad-Hoc|iPhone.ActiveCfg = Ad-Hoc|iPhone
		{F3277F36-4FF2-4C39-A89B-5B6FCEF901F6}.Ad-Hoc|iPhone.Build.0 = Ad-Hoc|iPhone
		{F3277F36-4FF2-4C39-A89B-5B6FCEF901F6}.Ad-Hoc|iPhoneSimulator.ActiveCfg = Ad-Hoc|iPhoneSimulator
		{F3277F36-4FF2-4C39-A89B-5B6FCEF901F6}.Ad-Hoc|iPhoneSimulator.Build.0 = Ad-Hoc|iPhoneSimulator
		{F3277F36-4FF2-4C39-A89B-5B6FCEF901F6}.Ad-Hoc|x64.ActiveCfg = Ad-Hoc|iPhone
		{F3277F36-4FF2-4C39-A89B-5B6FCEF901F6}.Ad-Hoc|x86.ActiveCfg = Ad-Hoc|iPhone
		{F3277F36-4FF2-4C39-A89B-5B6FCEF901F6}.AppStore|Any CPU.ActiveCfg = AppStore|iPhone
		{F3277F36-4FF2-4C39-A89B-5B6FCEF901F6}.AppStore|ARM.ActiveCfg = AppStore|iPhone
		{F3277F36-4FF2-4C39-A89B-5B6FCEF901F6}.AppStore|iPhone.ActiveCfg = AppStore|iPhone
		{F3277F36-4FF2-4C39-A89B-5B6FCEF901F6}.AppStore|iPhone.Build.0 = AppStore|iPhone
		{F3277F36-4FF2-4C39-A89B-5B6FCEF901F6}.AppStore|iPhoneSimulator.ActiveCfg = AppStore|iPhoneSimulator
		{F3277F36-4FF2-4C39-A89B-5B6FCEF901F6}.AppStore|iPhoneSimulator.Build.0 = AppStore|iPhoneSimulator
		{F3277F36-4FF2-4C39-A89B-5B6FCEF901F6}.AppStore|x64.ActiveCfg = AppStore|iPhone
		{F3277F36-4FF2-4C39-A89B-5B6FCEF901F6}.AppStore|x86.ActiveCfg = AppStore|iPhone
		{F3277F36-4FF2-4C39-A89B-5B6FCEF901F6}.Debug|Any CPU.ActiveCfg = Debug|iPhone
		{F3277F36-4FF2-4C39-A89B-5B6FCEF901F6}.Debug|ARM.ActiveCfg = Debug|iPhone
		{F3277F36-4FF2-4C39-A89B-5B6FCEF901F6}.Debug|iPhone.ActiveCfg = Debug|iPhone
		{F3277F36-4FF2-4C39-A89B-5B6FCEF901F6}.Debug|iPhone.Build.0 = Debug|iPhone
		{F3277F36-4FF2-4C39-A89B-5B6FCEF901F6}.Debug|iPhoneSimulator.ActiveCfg = Debug|iPhoneSimulator
		{F3277F36-4FF2-4C39-A89B-5B6FCEF901F6}.Debug|iPhoneSimulator.Build.0 = Debug|iPhoneSimulator
		{F3277F36-4FF2-4C39-A89B-5B6FCEF901F6}.Debug|x64.ActiveCfg = Debug|iPhone
		{F3277F36-4FF2-4C39-A89B-5B6FCEF901F6}.Debug|x86.ActiveCfg = Debug|iPhone
		{F3277F36-4FF2-4C39-A89B-5B6FCEF901F6}.Release|Any CPU.ActiveCfg = Release|iPhone
		{F3277F36-4FF2-4C39-A89B-5B6FCEF901F6}.Release|ARM.ActiveCfg = Release|iPhone
		{F3277F36-4FF2-4C39-A89B-5B6FCEF901F6}.Release|iPhone.ActiveCfg = Release|iPhone
		{F3277F36-4FF2-4C39-A89B-5B6FCEF901F6}.Release|iPhone.Build.0 = Release|iPhone
		{F3277F36-4FF2-4C39-A89B-5B6FCEF901F6}.Release|iPhoneSimulator.ActiveCfg = Release|iPhoneSimulator
		{F3277F36-4FF2-4C39-A89B-5B6FCEF901F6}.Release|iPhoneSimulator.Build.0 = Release|iPhoneSimulator
		{F3277F36-4FF2-4C39-A89B-5B6FCEF901F6}.Release|x64.ActiveCfg = Release|iPhone
		{F3277F36-4FF2-4C39-A89B-5B6FCEF901F6}.Release|x86.ActiveCfg = Release|iPhone
		{622C50CB-F462-4A48-8609-C3F71CC5158D}.Ad-Hoc|Any CPU.ActiveCfg = Release|x86
		{622C50CB-F462-4A48-8609-C3F71CC5158D}.Ad-Hoc|Any CPU.Build.0 = Release|x86
		{622C50CB-F462-4A48-8609-C3F71CC5158D}.Ad-Hoc|Any CPU.Deploy.0 = Release|x86
		{622C50CB-F462-4A48-8609-C3F71CC5158D}.Ad-Hoc|ARM.ActiveCfg = Release|ARM
		{622C50CB-F462-4A48-8609-C3F71CC5158D}.Ad-Hoc|ARM.Build.0 = Release|ARM
		{622C50CB-F462-4A48-8609-C3F71CC5158D}.Ad-Hoc|ARM.Deploy.0 = Release|ARM
		{622C50CB-F462-4A48-8609-C3F71CC5158D}.Ad-Hoc|iPhone.ActiveCfg = Release|x86
		{622C50CB-F462-4A48-8609-C3F71CC5158D}.Ad-Hoc|iPhone.Build.0 = Release|x86
		{622C50CB-F462-4A48-8609-C3F71CC5158D}.Ad-Hoc|iPhone.Deploy.0 = Release|x86
		{622C50CB-F462-4A48-8609-C3F71CC5158D}.Ad-Hoc|iPhoneSimulator.ActiveCfg = Release|x86
		{622C50CB-F462-4A48-8609-C3F71CC5158D}.Ad-Hoc|iPhoneSimulator.Build.0 = Release|x86
		{622C50CB-F462-4A48-8609-C3F71CC5158D}.Ad-Hoc|iPhoneSimulator.Deploy.0 = Release|x86
		{622C50CB-F462-4A48-8609-C3F71CC5158D}.Ad-Hoc|x64.ActiveCfg = Release|x64
		{622C50CB-F462-4A48-8609-C3F71CC5158D}.Ad-Hoc|x64.Build.0 = Release|x64
		{622C50CB-F462-4A48-8609-C3F71CC5158D}.Ad-Hoc|x64.Deploy.0 = Release|x64
		{622C50CB-F462-4A48-8609-C3F71CC5158D}.Ad-Hoc|x86.ActiveCfg = Release|x86
		{622C50CB-F462-4A48-8609-C3F71CC5158D}.Ad-Hoc|x86.Build.0 = Release|x86
		{622C50CB-F462-4A48-8609-C3F71CC5158D}.Ad-Hoc|x86.Deploy.0 = Release|x86
		{622C50CB-F462-4A48-8609-C3F71CC5158D}.AppStore|Any CPU.ActiveCfg = Release|x86
		{622C50CB-F462-4A48-8609-C3F71CC5158D}.AppStore|Any CPU.Build.0 = Release|x86
		{622C50CB-F462-4A48-8609-C3F71CC5158D}.AppStore|Any CPU.Deploy.0 = Release|x86
		{622C50CB-F462-4A48-8609-C3F71CC5158D}.AppStore|ARM.ActiveCfg = Release|ARM
		{622C50CB-F462-4A48-8609-C3F71CC5158D}.AppStore|ARM.Build.0 = Release|ARM
		{622C50CB-F462-4A48-8609-C3F71CC5158D}.AppStore|ARM.Deploy.0 = Release|ARM
		{622C50CB-F462-4A48-8609-C3F71CC5158D}.AppStore|iPhone.ActiveCfg = Release|x86
		{622C50CB-F462-4A48-8609-C3F71CC5158D}.AppStore|iPhone.Build.0 = Release|x86
		{622C50CB-F462-4A48-8609-C3F71CC5158D}.AppStore|iPhone.Deploy.0 = Release|x86
		{622C50CB-F462-4A48-8609-C3F71CC5158D}.AppStore|iPhoneSimulator.ActiveCfg = Release|x86
		{622C50CB-F462-4A48-8609-C3F71CC5158D}.AppStore|iPhoneSimulator.Build.0 = Release|x86
		{622C50CB-F462-4A48-8609-C3F71CC5158D}.AppStore|iPhoneSimulator.Deploy.0 = Release|x86
		{622C50CB-F462-4A48-8609-C3F71CC5158D}.AppStore|x64.ActiveCfg = Release|x64
		{622C50CB-F462-4A48-8609-C3F71CC5158D}.AppStore|x64.Build.0 = Release|x64
		{622C50CB-F462-4A48-8609-C3F71CC5158D}.AppStore|x64.Deploy.0 = Release|x64
		{622C50CB-F462-4A48-8609-C3F71CC5158D}.AppStore|x86.ActiveCfg = Release|x86
		{622C50CB-F462-4A48-8609-C3F71CC5158D}.AppStore|x86.Build.0 = Release|x86
		{622C50CB-F462-4A48-8609-C3F71CC5158D}.AppStore|x86.Deploy.0 = Release|x86
		{622C50CB-F462-4A48-8609-C3F71CC5158D}.Debug|Any CPU.ActiveCfg = Debug|x86
		{622C50CB-F462-4A48-8609-C3F71CC5158D}.Debug|Any CPU.Build.0 = Debug|x86
		{622C50CB-F462-4A48-8609-C3F71CC5158D}.Debug|Any CPU.Deploy.0 = Debug|x86
		{622C50CB-F462-4A48-8609-C3F71CC5158D}.Debug|ARM.ActiveCfg = Debug|ARM
		{622C50CB-F462-4A48-8609-C3F71CC5158D}.Debug|ARM.Build.0 = Debug|ARM
		{622C50CB-F462-4A48-8609-C3F71CC5158D}.Debug|ARM.Deploy.0 = Debug|ARM
		{622C50CB-F462-4A48-8609-C3F71CC5158D}.Debug|iPhone.ActiveCfg = Debug|x86
		{622C50CB-F462-4A48-8609-C3F71CC5158D}.Debug|iPhoneSimulator.ActiveCfg = Debug|x86
		{622C50CB-F462-4A48-8609-C3F71CC5158D}.Debug|x64.ActiveCfg = Debug|x64
		{622C50CB-F462-4A48-8609-C3F71CC5158D}.Debug|x64.Build.0 = Debug|x64
		{622C50CB-F462-4A48-8609-C3F71CC5158D}.Debug|x64.Deploy.0 = Debug|x64
		{622C50CB-F462-4A48-8609-C3F71CC5158D}.Debug|x86.ActiveCfg = Debug|x86
		{622C50CB-F462-4A48-8609-C3F71CC5158D}.Debug|x86.Build.0 = Debug|x86
		{622C50CB-F462-4A48-8609-C3F71CC5158D}.Debug|x86.Deploy.0 = Debug|x86
		{622C50CB-F462-4A48-8609-C3F71CC5158D}.Release|Any CPU.ActiveCfg = Release|x86
		{622C50CB-F462-4A48-8609-C3F71CC5158D}.Release|ARM.ActiveCfg = Release|ARM
		{622C50CB-F462-4A48-8609-C3F71CC5158D}.Release|ARM.Build.0 = Release|ARM
		{622C50CB-F462-4A48-8609-C3F71CC5158D}.Release|ARM.Deploy.0 = Release|ARM
		{622C50CB-F462-4A48-8609-C3F71CC5158D}.Release|iPhone.ActiveCfg = Release|x86
		{622C50CB-F462-4A48-8609-C3F71CC5158D}.Release|iPhoneSimulator.ActiveCfg = Release|x86
		{622C50CB-F462-4A48-8609-C3F71CC5158D}.Release|x64.ActiveCfg = Release|x64
		{622C50CB-F462-4A48-8609-C3F71CC5158D}.Release|x64.Build.0 = Release|x64
		{622C50CB-F462-4A48-8609-C3F71CC5158D}.Release|x64.Deploy.0 = Release|x64
		{622C50CB-F462-4A48-8609-C3F71CC5158D}.Release|x86.ActiveCfg = Release|x86
		{622C50CB-F462-4A48-8609-C3F71CC5158D}.Release|x86.Build.0 = Release|x86
		{622C50CB-F462-4A48-8609-C3F71CC5158D}.Release|x86.Deploy.0 = Release|x86
		{85FD02EC-6D14-4C8A-B9EB-EA94B6BB846E}.Ad-Hoc|Any CPU.ActiveCfg = Release|Any CPU
		{85FD02EC-6D14-4C8A-B9EB-EA94B6BB846E}.Ad-Hoc|Any CPU.Build.0 = Release|Any CPU
		{85FD02EC-6D14-4C8A-B9EB-EA94B6BB846E}.Ad-Hoc|ARM.ActiveCfg = Release|Any CPU
		{85FD02EC-6D14-4C8A-B9EB-EA94B6BB846E}.Ad-Hoc|ARM.Build.0 = Release|Any CPU
		{85FD02EC-6D14-4C8A-B9EB-EA94B6BB846E}.Ad-Hoc|iPhone.ActiveCfg = Release|Any CPU
		{85FD02EC-6D14-4C8A-B9EB-EA94B6BB846E}.Ad-Hoc|iPhone.Build.0 = Release|Any CPU
		{85FD02EC-6D14-4C8A-B9EB-EA94B6BB846E}.Ad-Hoc|iPhoneSimulator.ActiveCfg = Release|Any CPU
		{85FD02EC-6D14-4C8A-B9EB-EA94B6BB846E}.Ad-Hoc|iPhoneSimulator.Build.0 = Release|Any CPU
		{85FD02EC-6D14-4C8A-B9EB-EA94B6BB846E}.Ad-Hoc|x64.ActiveCfg = Release|Any CPU
		{85FD02EC-6D14-4C8A-B9EB-EA94B6BB846E}.Ad-Hoc|x64.Build.0 = Release|Any CPU
		{85FD02EC-6D14-4C8A-B9EB-EA94B6BB846E}.Ad-Hoc|x86.ActiveCfg = Release|Any CPU
		{85FD02EC-6D14-4C8A-B9EB-EA94B6BB846E}.Ad-Hoc|x86.Build.0 = Release|Any CPU
		{85FD02EC-6D14-4C8A-B9EB-EA94B6BB846E}.AppStore|Any CPU.ActiveCfg = Release|Any CPU
		{85FD02EC-6D14-4C8A-B9EB-EA94B6BB846E}.AppStore|Any CPU.Build.0 = Release|Any CPU
		{85FD02EC-6D14-4C8A-B9EB-EA94B6BB846E}.AppStore|ARM.ActiveCfg = Release|Any CPU
		{85FD02EC-6D14-4C8A-B9EB-EA94B6BB846E}.AppStore|ARM.Build.0 = Release|Any CPU
		{85FD02EC-6D14-4C8A-B9EB-EA94B6BB846E}.AppStore|iPhone.ActiveCfg = Release|Any CPU
		{85FD02EC-6D14-4C8A-B9EB-EA94B6BB846E}.AppStore|iPhone.Build.0 = Release|Any CPU
		{85FD02EC-6D14-4C8A-B9EB-EA94B6BB846E}.AppStore|iPhoneSimulator.ActiveCfg = Release|Any CPU
		{85FD02EC-6D14-4C8A-B9EB-EA94B6BB846E}.AppStore|iPhoneSimulator.Build.0 = Release|Any CPU
		{85FD02EC-6D14-4C8A-B9EB-EA94B6BB846E}.AppStore|x64.ActiveCfg = Release|Any CPU
		{85FD02EC-6D14-4C8A-B9EB-EA94B6BB846E}.AppStore|x64.Build.0 = Release|Any CPU
		{85FD02EC-6D14-4C8A-B9EB-EA94B6BB846E}.AppStore|x86.ActiveCfg = Release|Any CPU
		{85FD02EC-6D14-4C8A-B9EB-EA94B6BB846E}.AppStore|x86.Build.0 = Release|Any CPU
		{85FD02EC-6D14-4C8A-B9EB-EA94B6BB846E}.Debug|Any CPU.ActiveCfg = Debug|Any CPU
		{85FD02EC-6D14-4C8A-B9EB-EA94B6BB846E}.Debug|Any CPU.Build.0 = Debug|Any CPU
		{85FD02EC-6D14-4C8A-B9EB-EA94B6BB846E}.Debug|ARM.ActiveCfg = Debug|Any CPU
		{85FD02EC-6D14-4C8A-B9EB-EA94B6BB846E}.Debug|ARM.Build.0 = Debug|Any CPU
		{85FD02EC-6D14-4C8A-B9EB-EA94B6BB846E}.Debug|iPhone.ActiveCfg = Debug|Any CPU
		{85FD02EC-6D14-4C8A-B9EB-EA94B6BB846E}.Debug|iPhone.Build.0 = Debug|Any CPU
		{85FD02EC-6D14-4C8A-B9EB-EA94B6BB846E}.Debug|iPhoneSimulator.ActiveCfg = Debug|Any CPU
		{85FD02EC-6D14-4C8A-B9EB-EA94B6BB846E}.Debug|iPhoneSimulator.Build.0 = Debug|Any CPU
		{85FD02EC-6D14-4C8A-B9EB-EA94B6BB846E}.Debug|x64.ActiveCfg = Debug|Any CPU
		{85FD02EC-6D14-4C8A-B9EB-EA94B6BB846E}.Debug|x64.Build.0 = Debug|Any CPU
		{85FD02EC-6D14-4C8A-B9EB-EA94B6BB846E}.Debug|x86.ActiveCfg = Debug|Any CPU
		{85FD02EC-6D14-4C8A-B9EB-EA94B6BB846E}.Debug|x86.Build.0 = Debug|Any CPU
		{85FD02EC-6D14-4C8A-B9EB-EA94B6BB846E}.Release|Any CPU.ActiveCfg = Release|Any CPU
		{85FD02EC-6D14-4C8A-B9EB-EA94B6BB846E}.Release|Any CPU.Build.0 = Release|Any CPU
		{85FD02EC-6D14-4C8A-B9EB-EA94B6BB846E}.Release|ARM.ActiveCfg = Release|Any CPU
		{85FD02EC-6D14-4C8A-B9EB-EA94B6BB846E}.Release|ARM.Build.0 = Release|Any CPU
		{85FD02EC-6D14-4C8A-B9EB-EA94B6BB846E}.Release|iPhone.ActiveCfg = Release|Any CPU
		{85FD02EC-6D14-4C8A-B9EB-EA94B6BB846E}.Release|iPhone.Build.0 = Release|Any CPU
		{85FD02EC-6D14-4C8A-B9EB-EA94B6BB846E}.Release|iPhoneSimulator.ActiveCfg = Release|Any CPU
		{85FD02EC-6D14-4C8A-B9EB-EA94B6BB846E}.Release|iPhoneSimulator.Build.0 = Release|Any CPU
		{85FD02EC-6D14-4C8A-B9EB-EA94B6BB846E}.Release|x64.ActiveCfg = Release|Any CPU
		{85FD02EC-6D14-4C8A-B9EB-EA94B6BB846E}.Release|x64.Build.0 = Release|Any CPU
		{85FD02EC-6D14-4C8A-B9EB-EA94B6BB846E}.Release|x86.ActiveCfg = Release|Any CPU
		{85FD02EC-6D14-4C8A-B9EB-EA94B6BB846E}.Release|x86.Build.0 = Release|Any CPU
	EndGlobalSection
	GlobalSection(SolutionProperties) = preSolution
		HideSolutionNode = FALSE
	EndGlobalSection
EndGlobal
